// !$*UTF8*$!
{
	archiveVersion = 1;
	classes = {
	};
	objectVersion = 56;
	objects = {

/* Begin PBXBuildFile section */
		C084863A29152B2F00C62268 /* AppDelegate.swift in Sources */ = {isa = PBXBuildFile; fileRef = C084863929152B2F00C62268 /* AppDelegate.swift */; };
		C084863C29152B2F00C62268 /* SceneDelegate.swift in Sources */ = {isa = PBXBuildFile; fileRef = C084863B29152B2F00C62268 /* SceneDelegate.swift */; };
		C084863E29152B2F00C62268 /* ViewController.swift in Sources */ = {isa = PBXBuildFile; fileRef = C084863D29152B2F00C62268 /* ViewController.swift */; };
		C084864129152B2F00C62268 /* Main.storyboard in Resources */ = {isa = PBXBuildFile; fileRef = C084863F29152B2F00C62268 /* Main.storyboard */; };
		C084864429152B2F00C62268 /* ____Background_Modes___Ses.xcdatamodeld in Sources */ = {isa = PBXBuildFile; fileRef = C084864229152B2F00C62268 /* ____Background_Modes___Ses.xcdatamodeld */; };
		C084864629152B3200C62268 /* Assets.xcassets in Resources */ = {isa = PBXBuildFile; fileRef = C084864529152B3200C62268 /* Assets.xcassets */; };
		C084864929152B3200C62268 /* LaunchScreen.storyboard in Resources */ = {isa = PBXBuildFile; fileRef = C084864729152B3200C62268 /* LaunchScreen.storyboard */; };
		C084865129152C4E00C62268 /* music.mp3 in Resources */ = {isa = PBXBuildFile; fileRef = C084865029152C4E00C62268 /* music.mp3 */; };
		C0F6B4D029362DFF002B70FE /* videoplayback.mp4 in Resources */ = {isa = PBXBuildFile; fileRef = C0F6B4CF29362DFF002B70FE /* videoplayback.mp4 */; };
/* End PBXBuildFile section */

/* Begin PBXFileReference section */
		C084863629152B2F00C62268 /* 1 - Background Modes - Ses.app */ = {isa = PBXFileReference; explicitFileType = wrapper.application; includeInIndex = 0; path = "1 - Background Modes - Ses.app"; sourceTree = BUILT_PRODUCTS_DIR; };
		C084863929152B2F00C62268 /* AppDelegate.swift */ = {isa = PBXFileReference; lastKnownFileType = sourcecode.swift; path = AppDelegate.swift; sourceTree = "<group>"; };
		C084863B29152B2F00C62268 /* SceneDelegate.swift */ = {isa = PBXFileReference; lastKnownFileType = sourcecode.swift; path = SceneDelegate.swift; sourceTree = "<group>"; };
		C084863D29152B2F00C62268 /* ViewController.swift */ = {isa = PBXFileReference; lastKnownFileType = sourcecode.swift; path = ViewController.swift; sourceTree = "<group>"; };
		C084864029152B2F00C62268 /* Base */ = {isa = PBXFileReference; lastKnownFileType = file.storyboard; name = Base; path = Base.lproj/Main.storyboard; sourceTree = "<group>"; };
		C084864329152B2F00C62268 /* ____Background_Modes___Ses.xcdatamodel */ = {isa = PBXFileReference; lastKnownFileType = wrapper.xcdatamodel; path = "____Background_Modes___Ses.xcdatamodel"; sourceTree = "<group>"; };
		C084864529152B3200C62268 /* Assets.xcassets */ = {isa = PBXFileReference; lastKnownFileType = folder.assetcatalog; path = Assets.xcassets; sourceTree = "<group>"; };
		C084864829152B3200C62268 /* Base */ = {isa = PBXFileReference; lastKnownFileType = file.storyboard; name = Base; path = Base.lproj/LaunchScreen.storyboard; sourceTree = "<group>"; };
		C084864A29152B3200C62268 /* Info.plist */ = {isa = PBXFileReference; lastKnownFileType = text.plist.xml; path = Info.plist; sourceTree = "<group>"; };
		C084865029152C4E00C62268 /* music.mp3 */ = {isa = PBXFileReference; lastKnownFileType = audio.mp3; path = music.mp3; sourceTree = "<group>"; };
		C0F6B4CF29362DFF002B70FE /* videoplayback.mp4 */ = {isa = PBXFileReference; lastKnownFileType = file; path = videoplayback.mp4; sourceTree = "<group>"; };
/* End PBXFileReference section */

/* Begin PBXFrameworksBuildPhase section */
		C084863329152B2F00C62268 /* Frameworks */ = {
			isa = PBXFrameworksBuildPhase;
			buildActionMask = 2147483647;
			files = (
			);
			runOnlyForDeploymentPostprocessing = 0;
		};
/* End PBXFrameworksBuildPhase section */

/* Begin PBXGroup section */
		C084862D29152B2F00C62268 = {
			isa = PBXGroup;
			children = (
				C084863829152B2F00C62268 /* 1 - Background Modes - Ses */,
				C084863729152B2F00C62268 /* Products */,
			);
			sourceTree = "<group>";
		};
		C084863729152B2F00C62268 /* Products */ = {
			isa = PBXGroup;
			children = (
				C084863629152B2F00C62268 /* 1 - Background Modes - Ses.app */,
			);
			name = Products;
			sourceTree = "<group>";
		};
		C084863829152B2F00C62268 /* 1 - Background Modes - Ses */ = {
			isa = PBXGroup;
			children = (
				C084863929152B2F00C62268 /* AppDelegate.swift */,
				C084863B29152B2F00C62268 /* SceneDelegate.swift */,
				C084863D29152B2F00C62268 /* ViewController.swift */,
				C084863F29152B2F00C62268 /* Main.storyboard */,
				C084864529152B3200C62268 /* Assets.xcassets */,
				C084864729152B3200C62268 /* LaunchScreen.storyboard */,
				C084864A29152B3200C62268 /* Info.plist */,
				C084864229152B2F00C62268 /* ____Background_Modes___Ses.xcdatamodeld */,
				C084865029152C4E00C62268 /* music.mp3 */,
				C0F6B4CF29362DFF002B70FE /* videoplayback.mp4 */,
			);
			path = "1 - Background Modes - Ses";
			sourceTree = "<group>";
		};
/* End PBXGroup section */

/* Begin PBXNativeTarget section */
		C084863529152B2F00C62268 /* 1 - Background Modes - Ses */ = {
			isa = PBXNativeTarget;
			buildConfigurationList = C084864D29152B3200C62268 /* Build configuration list for PBXNativeTarget "1 - Background Modes - Ses" */;
			buildPhases = (
				C084863229152B2F00C62268 /* Sources */,
				C084863329152B2F00C62268 /* Frameworks */,
				C084863429152B2F00C62268 /* Resources */,
			);
			buildRules = (
			);
			dependencies = (
			);
			name = "1 - Background Modes - Ses";
			productName = "1 - Background Modes - Ses";
			productReference = C084863629152B2F00C62268 /* 1 - Background Modes - Ses.app */;
			productType = "com.apple.product-type.application";
		};
/* End PBXNativeTarget section */

/* Begin PBXProject section */
		C084862E29152B2F00C62268 /* Project object */ = {
			isa = PBXProject;
			attributes = {
				BuildIndependentTargetsInParallel = 1;
				LastSwiftUpdateCheck = 1400;
				LastUpgradeCheck = 1400;
				TargetAttributes = {
					C084863529152B2F00C62268 = {
						CreatedOnToolsVersion = 14.0.1;
					};
				};
			};
			buildConfigurationList = C084863129152B2F00C62268 /* Build configuration list for PBXProject "1 - Background Modes - Ses" */;
			compatibilityVersion = "Xcode 14.0";
			developmentRegion = en;
			hasScannedForEncodings = 0;
			knownRegions = (
				en,
				Base,
			);
			mainGroup = C084862D29152B2F00C62268;
			productRefGroup = C084863729152B2F00C62268 /* Products */;
			projectDirPath = "";
			projectRoot = "";
			targets = (
				C084863529152B2F00C62268 /* 1 - Background Modes - Ses */,
			);
		};
/* End PBXProject section */

/* Begin PBXResourcesBuildPhase section */
		C084863429152B2F00C62268 /* Resources */ = {
			isa = PBXResourcesBuildPhase;
			buildActionMask = 2147483647;
			files = (
				C084865129152C4E00C62268 /* music.mp3 in Resources */,
				C084864929152B3200C62268 /* LaunchScreen.storyboard in Resources */,
				C084864629152B3200C62268 /* Assets.xcassets in Resources */,
				C084864129152B2F00C62268 /* Main.storyboard in Resources */,
				C0F6B4D029362DFF002B70FE /* videoplayback.mp4 in Resources */,
			);
			runOnlyForDeploymentPostprocessing = 0;
		};
/* End PBXResourcesBuildPhase section */

/* Begin PBXSourcesBuildPhase section */
		C084863229152B2F00C62268 /* Sources */ = {
			isa = PBXSourcesBuildPhase;
			buildActionMask = 2147483647;
			files = (
				C084863E29152B2F00C62268 /* ViewController.swift in Sources */,
				C084863A29152B2F00C62268 /* AppDelegate.swift in Sources */,
				C084864429152B2F00C62268 /* ____Background_Modes___Ses.xcdatamodeld in Sources */,
				C084863C29152B2F00C62268 /* SceneDelegate.swift in Sources */,
			);
			runOnlyForDeploymentPostprocessing = 0;
		};
/* End PBXSourcesBuildPhase section */

/* Begin PBXVariantGroup section */
		C084863F29152B2F00C62268 /* Main.storyboard */ = {
			isa = PBXVariantGroup;
			children = (
				C084864029152B2F00C62268 /* Base */,
			);
			name = Main.storyboard;
			sourceTree = "<group>";
		};
		C084864729152B3200C62268 /* LaunchScreen.storyboard */ = {
			isa = PBXVariantGroup;
			children = (
				C084864829152B3200C62268 /* Base */,
			);
			name = LaunchScreen.storyboard;
			sourceTree = "<group>";
		};
/* End PBXVariantGroup section */

/* Begin XCBuildConfiguration section */
		C084864B29152B3200C62268 /* Debug */ = {
			isa = XCBuildConfiguration;
			buildSettings = {
				ALWAYS_SEARCH_USER_PATHS = NO;
				CLANG_ANALYZER_NONNULL = YES;
				CLANG_ANALYZER_NUMBER_OBJECT_CONVERSION = YES_AGGRESSIVE;
				CLANG_CXX_LANGUAGE_STANDARD = "gnu++20";
				CLANG_ENABLE_MODULES = YES;
				CLANG_ENABLE_OBJC_ARC = YES;
				CLANG_ENABLE_OBJC_WEAK = YES;
				CLANG_WARN_BLOCK_CAPTURE_AUTORELEASING = YES;
				CLANG_WARN_BOOL_CONVERSION = YES;
				CLANG_WARN_COMMA = YES;
				CLANG_WARN_CONSTANT_CONVERSION = YES;
				CLANG_WARN_DEPRECATED_OBJC_IMPLEMENTATIONS = YES;
				CLANG_WARN_DIRECT_OBJC_ISA_USAGE = YES_ERROR;
				CLANG_WARN_DOCUMENTATION_COMMENTS = YES;
				CLANG_WARN_EMPTY_BODY = YES;
				CLANG_WARN_ENUM_CONVERSION = YES;
				CLANG_WARN_INFINITE_RECURSION = YES;
				CLANG_WARN_INT_CONVERSION = YES;
				CLANG_WARN_NON_LITERAL_NULL_CONVERSION = YES;
				CLANG_WARN_OBJC_IMPLICIT_RETAIN_SELF = YES;
				CLANG_WARN_OBJC_LITERAL_CONVERSION = YES;
				CLANG_WARN_OBJC_ROOT_CLASS = YES_ERROR;
				CLANG_WARN_QUOTED_INCLUDE_IN_FRAMEWORK_HEADER = YES;
				CLANG_WARN_RANGE_LOOP_ANALYSIS = YES;
				CLANG_WARN_STRICT_PROTOTYPES = YES;
				CLANG_WARN_SUSPICIOUS_MOVE = YES;
				CLANG_WARN_UNGUARDED_AVAILABILITY = YES_AGGRESSIVE;
				CLANG_WARN_UNREACHABLE_CODE = YES;
				CLANG_WARN__DUPLICATE_METHOD_MATCH = YES;
				COPY_PHASE_STRIP = NO;
				DEBUG_INFORMATION_FORMAT = dwarf;
				ENABLE_STRICT_OBJC_MSGSEND = YES;
				ENABLE_TESTABILITY = YES;
				GCC_C_LANGUAGE_STANDARD = gnu11;
				GCC_DYNAMIC_NO_PIC = NO;
				GCC_NO_COMMON_BLOCKS = YES;
				GCC_OPTIMIZATION_LEVEL = 0;
				GCC_PREPROCESSOR_DEFINITIONS = (
					"DEBUG=1",
					"$(inherited)",
				);
				GCC_WARN_64_TO_32_BIT_CONVERSION = YES;
				GCC_WARN_ABOUT_RETURN_TYPE = YES_ERROR;
				GCC_WARN_UNDECLARED_SELECTOR = YES;
				GCC_WARN_UNINITIALIZED_AUTOS = YES_AGGRESSIVE;
				GCC_WARN_UNUSED_FUNCTION = YES;
				GCC_WARN_UNUSED_VARIABLE = YES;
				IPHONEOS_DEPLOYMENT_TARGET = 16.0;
				MTL_ENABLE_DEBUG_INFO = INCLUDE_SOURCE;
				MTL_FAST_MATH = YES;
				ONLY_ACTIVE_ARCH = YES;
				SDKROOT = iphoneos;
				SWIFT_ACTIVE_COMPILATION_CONDITIONS = DEBUG;
				SWIFT_OPTIMIZATION_LEVEL = "-Onone";
			};
			name = Debug;
		};
		C084864C29152B3200C62268 /* Release */ = {
			isa = XCBuildConfiguration;
			buildSettings = {
				ALWAYS_SEARCH_USER_PATHS = NO;
				CLANG_ANALYZER_NONNULL = YES;
				CLANG_ANALYZER_NUMBER_OBJECT_CONVERSION = YES_AGGRESSIVE;
				CLANG_CXX_LANGUAGE_STANDARD = "gnu++20";
				CLANG_ENABLE_MODULES = YES;
				CLANG_ENABLE_OBJC_ARC = YES;
				CLANG_ENABLE_OBJC_WEAK = YES;
				CLANG_WARN_BLOCK_CAPTURE_AUTORELEASING = YES;
				CLANG_WARN_BOOL_CONVERSION = YES;
				CLANG_WARN_COMMA = YES;
				CLANG_WARN_CONSTANT_CONVERSION = YES;
				CLANG_WARN_DEPRECATED_OBJC_IMPLEMENTATIONS = YES;
				CLANG_WARN_DIRECT_OBJC_ISA_USAGE = YES_ERROR;
				CLANG_WARN_DOCUMENTATION_COMMENTS = YES;
				CLANG_WARN_EMPTY_BODY = YES;
				CLANG_WARN_ENUM_CONVERSION = YES;
				CLANG_WARN_INFINITE_RECURSION = YES;
				CLANG_WARN_INT_CONVERSION = YES;
				CLANG_WARN_NON_LITERAL_NULL_CONVERSION = YES;
				CLANG_WARN_OBJC_IMPLICIT_RETAIN_SELF = YES;
				CLANG_WARN_OBJC_LITERAL_CONVERSION = YES;
				CLANG_WARN_OBJC_ROOT_CLASS = YES_ERROR;
				CLANG_WARN_QUOTED_INCLUDE_IN_FRAMEWORK_HEADER = YES;
				CLANG_WARN_RANGE_LOOP_ANALYSIS = YES;
				CLANG_WARN_STRICT_PROTOTYPES = YES;
				CLANG_WARN_SUSPICIOUS_MOVE = YES;
				CLANG_WARN_UNGUARDED_AVAILABILITY = YES_AGGRESSIVE;
				CLANG_WARN_UNREACHABLE_CODE = YES;
				CLANG_WARN__DUPLICATE_METHOD_MATCH = YES;
				COPY_PHASE_STRIP = NO;
				DEBUG_INFORMATION_FORMAT = "dwarf-with-dsym";
				ENABLE_NS_ASSERTIONS = NO;
				ENABLE_STRICT_OBJC_MSGSEND = YES;
				GCC_C_LANGUAGE_STANDARD = gnu11;
				GCC_NO_COMMON_BLOCKS = YES;
				GCC_WARN_64_TO_32_BIT_CONVERSION = YES;
				GCC_WARN_ABOUT_RETURN_TYPE = YES_ERROR;
				GCC_WARN_UNDECLARED_SELECTOR = YES;
				GCC_WARN_UNINITIALIZED_AUTOS = YES_AGGRESSIVE;
				GCC_WARN_UNUSED_FUNCTION = YES;
				GCC_WARN_UNUSED_VARIABLE = YES;
				IPHONEOS_DEPLOYMENT_TARGET = 16.0;
				MTL_ENABLE_DEBUG_INFO = NO;
				MTL_FAST_MATH = YES;
				SDKROOT = iphoneos;
				SWIFT_COMPILATION_MODE = wholemodule;
				SWIFT_OPTIMIZATION_LEVEL = "-O";
				VALIDATE_PRODUCT = YES;
			};
			name = Release;
		};
		C084864E29152B3200C62268 /* Debug */ = {
			isa = XCBuildConfiguration;
			buildSettings = {
				ASSETCATALOG_COMPILER_APPICON_NAME = AppIcon;
				ASSETCATALOG_COMPILER_GLOBAL_ACCENT_COLOR_NAME = AccentColor;
				CODE_SIGN_STYLE = Automatic;
				CURRENT_PROJECT_VERSION = 1;
				GENERATE_INFOPLIST_FILE = YES;
				INFOPLIST_FILE = "1 - Background Modes - Ses/Info.plist";
				INFOPLIST_KEY_UIApplicationSupportsIndirectInputEvents = YES;
				INFOPLIST_KEY_UILaunchStoryboardName = LaunchScreen;
				INFOPLIST_KEY_UIMainStoryboardFile = Main;
				INFOPLIST_KEY_UISupportedInterfaceOrientations_iPad = "UIInterfaceOrientationPortrait UIInterfaceOrientationPortraitUpsideDown UIInterfaceOrientationLandscapeLeft UIInterfaceOrientationLandscapeRight";
				INFOPLIST_KEY_UISupportedInterfaceOrientations_iPhone = "UIInterfaceOrientationPortrait UIInterfaceOrientationLandscapeLeft UIInterfaceOrientationLandscapeRight";
				LD_RUNPATH_SEARCH_PATHS = (
					"$(inherited)",
					"@executable_path/Frameworks",
				);
				MARKETING_VERSION = 1.0;
				PRODUCT_BUNDLE_IDENTIFIER = "info.----Background-Modes---Ses";
				PRODUCT_NAME = "$(TARGET_NAME)";
				SWIFT_EMIT_LOC_STRINGS = YES;
				SWIFT_VERSION = 5.0;
				TARGETED_DEVICE_FAMILY = "1,2";
			};
			name = Debug;
		};
		C084864F29152B3200C62268 /* Release */ = {
			isa = XCBuildConfiguration;
			buildSettings = {
				ASSETCATALOG_COMPILER_APPICON_NAME = AppIcon;
				ASSETCATALOG_COMPILER_GLOBAL_ACCENT_COLOR_NAME = AccentColor;
				CODE_SIGN_STYLE = Automatic;
				CURRENT_PROJECT_VERSION = 1;
				GENERATE_INFOPLIST_FILE = YES;
				INFOPLIST_FILE = "1 - Background Modes - Ses/Info.plist";
				INFOPLIST_KEY_UIApplicationSupportsIndirectInputEvents = YES;
				INFOPLIST_KEY_UILaunchStoryboardName = LaunchScreen;
				INFOPLIST_KEY_UIMainStoryboardFile = Main;
				INFOPLIST_KEY_UISupportedInterfaceOrientations_iPad = "UIInterfaceOrientationPortrait UIInterfaceOrientationPortraitUpsideDown UIInterfaceOrientationLandscapeLeft UIInterfaceOrientationLandscapeRight";
				INFOPLIST_KEY_UISupportedInterfaceOrientations_iPhone = "UIInterfaceOrientationPortrait UIInterfaceOrientationLandscapeLeft UIInterfaceOrientationLandscapeRight";
				LD_RUNPATH_SEARCH_PATHS = (
					"$(inherited)",
					"@executable_path/Frameworks",
				);
				MARKETING_VERSION = 1.0;
				PRODUCT_BUNDLE_IDENTIFIER = "info.----Background-Modes---Ses";
				PRODUCT_NAME = "$(TARGET_NAME)";
				SWIFT_EMIT_LOC_STRINGS = YES;
				SWIFT_VERSION = 5.0;
				TARGETED_DEVICE_FAMILY = "1,2";
			};
			name = Release;
		};
/* End XCBuildConfiguration section */

/* Begin XCConfigurationList section */
		C084863129152B2F00C62268 /* Build configuration list for PBXProject "1 - Background Modes - Ses" */ = {
			isa = XCConfigurationList;
			buildConfigurations = (
				C084864B29152B3200C62268 /* Debug */,
				C084864C29152B3200C62268 /* Release */,
			);
			defaultConfigurationIsVisible = 0;
			defaultConfigurationName = Release;
		};
		C084864D29152B3200C62268 /* Build configuration list for PBXNativeTarget "1 - Background Modes - Ses" */ = {
			isa = XCConfigurationList;
			buildConfigurations = (
				C084864E29152B3200C62268 /* Debug */,
				C084864F29152B3200C62268 /* Release */,
			);
			defaultConfigurationIsVisible = 0;
			defaultConfigurationName = Release;
		};
/* End XCConfigurationList section */

/* Begin XCVersionGroup section */
		C084864229152B2F00C62268 /* ____Background_Modes___Ses.xcdatamodeld */ = {
			isa = XCVersionGroup;
			children = (
				C084864329152B2F00C62268 /* ____Background_Modes___Ses.xcdatamodel */,
			);
			currentVersion = C084864329152B2F00C62268 /* ____Background_Modes___Ses.xcdatamodel */;
			path = "____Background_Modes___Ses.xcdatamodeld";
			sourceTree = "<group>";
			versionGroupType = wrapper.xcdatamodel;
		};
/* End XCVersionGroup section */
	};
	rootObject = C084862E29152B2F00C62268 /* Project object */;
}
