// !$*UTF8*$!
{
	archiveVersion = 1;
	classes = {
	};
	objectVersion = 56;
	objects = {

/* Begin PBXBuildFile section */
		C084865F2915396300C62268 /* AppDelegate.swift in Sources */ = {isa = PBXBuildFile; fileRef = C084865E2915396300C62268 /* AppDelegate.swift */; };
		C08486612915396300C62268 /* SceneDelegate.swift in Sources */ = {isa = PBXBuildFile; fileRef = C08486602915396300C62268 /* SceneDelegate.swift */; };
		C08486632915396300C62268 /* ViewController.swift in Sources */ = {isa = PBXBuildFile; fileRef = C08486622915396300C62268 /* ViewController.swift */; };
		C08486662915396300C62268 /* Main.storyboard in Resources */ = {isa = PBXBuildFile; fileRef = C08486642915396300C62268 /* Main.storyboard */; };
		C08486692915396300C62268 /* ____Notification_Center_Uygulama.xcdatamodeld in Sources */ = {isa = PBXBuildFile; fileRef = C08486672915396300C62268 /* ____Notification_Center_Uygulama.xcdatamodeld */; };
		C084866B2915396C00C62268 /* Assets.xcassets in Resources */ = {isa = PBXBuildFile; fileRef = C084866A2915396C00C62268 /* Assets.xcassets */; };
		C084866E2915396C00C62268 /* LaunchScreen.storyboard in Resources */ = {isa = PBXBuildFile; fileRef = C084866C2915396C00C62268 /* LaunchScreen.storyboard */; };
		C0848676291539AB00C62268 /* ViewController2.swift in Sources */ = {isa = PBXBuildFile; fileRef = C0848675291539AB00C62268 /* ViewController2.swift */; };
		C084867829153B1100C62268 /* Kisiler.swift in Sources */ = {isa = PBXBuildFile; fileRef = C084867729153B1100C62268 /* Kisiler.swift */; };
/* End PBXBuildFile section */

/* Begin PBXFileReference section */
		C084865B2915396300C62268 /* 2 - Notification Center Uygulama.app */ = {isa = PBXFileReference; explicitFileType = wrapper.application; includeInIndex = 0; path = "2 - Notification Center Uygulama.app"; sourceTree = BUILT_PRODUCTS_DIR; };
		C084865E2915396300C62268 /* AppDelegate.swift */ = {isa = PBXFileReference; lastKnownFileType = sourcecode.swift; path = AppDelegate.swift; sourceTree = "<group>"; };
		C08486602915396300C62268 /* SceneDelegate.swift */ = {isa = PBXFileReference; lastKnownFileType = sourcecode.swift; path = SceneDelegate.swift; sourceTree = "<group>"; };
		C08486622915396300C62268 /* ViewController.swift */ = {isa = PBXFileReference; lastKnownFileType = sourcecode.swift; path = ViewController.swift; sourceTree = "<group>"; };
		C08486652915396300C62268 /* Base */ = {isa = PBXFileReference; lastKnownFileType = file.storyboard; name = Base; path = Base.lproj/Main.storyboard; sourceTree = "<group>"; };
		C08486682915396300C62268 /* ____Notification_Center_Uygulama.xcdatamodel */ = {isa = PBXFileReference; lastKnownFileType = wrapper.xcdatamodel; path = "____Notification_Center_Uygulama.xcdatamodel"; sourceTree = "<group>"; };
		C084866A2915396C00C62268 /* Assets.xcassets */ = {isa = PBXFileReference; lastKnownFileType = folder.assetcatalog; path = Assets.xcassets; sourceTree = "<group>"; };
		C084866D2915396C00C62268 /* Base */ = {isa = PBXFileReference; lastKnownFileType = file.storyboard; name = Base; path = Base.lproj/LaunchScreen.storyboard; sourceTree = "<group>"; };
		C084866F2915396C00C62268 /* Info.plist */ = {isa = PBXFileReference; lastKnownFileType = text.plist.xml; path = Info.plist; sourceTree = "<group>"; };
		C0848675291539AB00C62268 /* ViewController2.swift */ = {isa = PBXFileReference; lastKnownFileType = sourcecode.swift; path = ViewController2.swift; sourceTree = "<group>"; };
		C084867729153B1100C62268 /* Kisiler.swift */ = {isa = PBXFileReference; lastKnownFileType = sourcecode.swift; path = Kisiler.swift; sourceTree = "<group>"; };
/* End PBXFileReference section */

/* Begin PBXFrameworksBuildPhase section */
		C08486582915396300C62268 /* Frameworks */ = {
			isa = PBXFrameworksBuildPhase;
			buildActionMask = 2147483647;
			files = (
			);
			runOnlyForDeploymentPostprocessing = 0;
		};
/* End PBXFrameworksBuildPhase section */

/* Begin PBXGroup section */
		C08486522915396300C62268 = {
			isa = PBXGroup;
			children = (
				C084865D2915396300C62268 /* 2 - Notification Center Uygulama */,
				C084865C2915396300C62268 /* Products */,
			);
			sourceTree = "<group>";
		};
		C084865C2915396300C62268 /* Products */ = {
			isa = PBXGroup;
			children = (
				C084865B2915396300C62268 /* 2 - Notification Center Uygulama.app */,
			);
			name = Products;
			sourceTree = "<group>";
		};
		C084865D2915396300C62268 /* 2 - Notification Center Uygulama */ = {
			isa = PBXGroup;
			children = (
				C084865E2915396300C62268 /* AppDelegate.swift */,
				C08486602915396300C62268 /* SceneDelegate.swift */,
				C08486622915396300C62268 /* ViewController.swift */,
				C08486642915396300C62268 /* Main.storyboard */,
				C084866A2915396C00C62268 /* Assets.xcassets */,
				C084866C2915396C00C62268 /* LaunchScreen.storyboard */,
				C084866F2915396C00C62268 /* Info.plist */,
				C08486672915396300C62268 /* ____Notification_Center_Uygulama.xcdatamodeld */,
				C0848675291539AB00C62268 /* ViewController2.swift */,
				C084867729153B1100C62268 /* Kisiler.swift */,
			);
			path = "2 - Notification Center Uygulama";
			sourceTree = "<group>";
		};
/* End PBXGroup section */

/* Begin PBXNativeTarget section */
		C084865A2915396300C62268 /* 2 - Notification Center Uygulama */ = {
			isa = PBXNativeTarget;
			buildConfigurationList = C08486722915396C00C62268 /* Build configuration list for PBXNativeTarget "2 - Notification Center Uygulama" */;
			buildPhases = (
				C08486572915396300C62268 /* Sources */,
				C08486582915396300C62268 /* Frameworks */,
				C08486592915396300C62268 /* Resources */,
			);
			buildRules = (
			);
			dependencies = (
			);
			name = "2 - Notification Center Uygulama";
			productName = "2 - Notification Center Uygulama";
			productReference = C084865B2915396300C62268 /* 2 - Notification Center Uygulama.app */;
			productType = "com.apple.product-type.application";
		};
/* End PBXNativeTarget section */

/* Begin PBXProject section */
		C08486532915396300C62268 /* Project object */ = {
			isa = PBXProject;
			attributes = {
				BuildIndependentTargetsInParallel = 1;
				LastSwiftUpdateCheck = 1400;
				LastUpgradeCheck = 1400;
				TargetAttributes = {
					C084865A2915396300C62268 = {
						CreatedOnToolsVersion = 14.0.1;
					};
				};
			};
			buildConfigurationList = C08486562915396300C62268 /* Build configuration list for PBXProject "2 - Notification Center Uygulama" */;
			compatibilityVersion = "Xcode 14.0";
			developmentRegion = en;
			hasScannedForEncodings = 0;
			knownRegions = (
				en,
				Base,
			);
			mainGroup = C08486522915396300C62268;
			productRefGroup = C084865C2915396300C62268 /* Products */;
			projectDirPath = "";
			projectRoot = "";
			targets = (
				C084865A2915396300C62268 /* 2 - Notification Center Uygulama */,
			);
		};
/* End PBXProject section */

/* Begin PBXResourcesBuildPhase section */
		C08486592915396300C62268 /* Resources */ = {
			isa = PBXResourcesBuildPhase;
			buildActionMask = 2147483647;
			files = (
				C084866E2915396C00C62268 /* LaunchScreen.storyboard in Resources */,
				C084866B2915396C00C62268 /* Assets.xcassets in Resources */,
				C08486662915396300C62268 /* Main.storyboard in Resources */,
			);
			runOnlyForDeploymentPostprocessing = 0;
		};
/* End PBXResourcesBuildPhase section */

/* Begin PBXSourcesBuildPhase section */
		C08486572915396300C62268 /* Sources */ = {
			isa = PBXSourcesBuildPhase;
			buildActionMask = 2147483647;
			files = (
				C0848676291539AB00C62268 /* ViewController2.swift in Sources */,
				C08486692915396300C62268 /* ____Notification_Center_Uygulama.xcdatamodeld in Sources */,
				C08486632915396300C62268 /* ViewController.swift in Sources */,
				C084865F2915396300C62268 /* AppDelegate.swift in Sources */,
				C08486612915396300C62268 /* SceneDelegate.swift in Sources */,
				C084867829153B1100C62268 /* Kisiler.swift in Sources */,
			);
			runOnlyForDeploymentPostprocessing = 0;
		};
/* End PBXSourcesBuildPhase section */

/* Begin PBXVariantGroup section */
		C08486642915396300C62268 /* Main.storyboard */ = {
			isa = PBXVariantGroup;
			children = (
				C08486652915396300C62268 /* Base */,
			);
			name = Main.storyboard;
			sourceTree = "<group>";
		};
		C084866C2915396C00C62268 /* LaunchScreen.storyboard */ = {
			isa = PBXVariantGroup;
			children = (
				C084866D2915396C00C62268 /* Base */,
			);
			name = LaunchScreen.storyboard;
			sourceTree = "<group>";
		};
/* End PBXVariantGroup section */

/* Begin XCBuildConfiguration section */
		C08486702915396C00C62268 /* Debug */ = {
			isa = XCBuildConfiguration;
			buildSettings = {
				ALWAYS_SEARCH_USER_PATHS = NO;
				CLANG_ANALYZER_NONNULL = YES;
				CLANG_ANALYZER_NUMBER_OBJECT_CONVERSION = YES_AGGRESSIVE;
				CLANG_CXX_LANGUAGE_STANDARD = "gnu++20";
				CLANG_ENABLE_MODULES = YES;
				CLANG_ENABLE_OBJC_ARC = YES;
				CLANG_ENABLE_OBJC_WEAK = YES;
				CLANG_WARN_BLOCK_CAPTURE_AUTORELEASING = YES;
				CLANG_WARN_BOOL_CONVERSION = YES;
				CLANG_WARN_COMMA = YES;
				CLANG_WARN_CONSTANT_CONVERSION = YES;
				CLANG_WARN_DEPRECATED_OBJC_IMPLEMENTATIONS = YES;
				CLANG_WARN_DIRECT_OBJC_ISA_USAGE = YES_ERROR;
				CLANG_WARN_DOCUMENTATION_COMMENTS = YES;
				CLANG_WARN_EMPTY_BODY = YES;
				CLANG_WARN_ENUM_CONVERSION = YES;
				CLANG_WARN_INFINITE_RECURSION = YES;
				CLANG_WARN_INT_CONVERSION = YES;
				CLANG_WARN_NON_LITERAL_NULL_CONVERSION = YES;
				CLANG_WARN_OBJC_IMPLICIT_RETAIN_SELF = YES;
				CLANG_WARN_OBJC_LITERAL_CONVERSION = YES;
				CLANG_WARN_OBJC_ROOT_CLASS = YES_ERROR;
				CLANG_WARN_QUOTED_INCLUDE_IN_FRAMEWORK_HEADER = YES;
				CLANG_WARN_RANGE_LOOP_ANALYSIS = YES;
				CLANG_WARN_STRICT_PROTOTYPES = YES;
				CLANG_WARN_SUSPICIOUS_MOVE = YES;
				CLANG_WARN_UNGUARDED_AVAILABILITY = YES_AGGRESSIVE;
				CLANG_WARN_UNREACHABLE_CODE = YES;
				CLANG_WARN__DUPLICATE_METHOD_MATCH = YES;
				COPY_PHASE_STRIP = NO;
				DEBUG_INFORMATION_FORMAT = dwarf;
				ENABLE_STRICT_OBJC_MSGSEND = YES;
				ENABLE_TESTABILITY = YES;
				GCC_C_LANGUAGE_STANDARD = gnu11;
				GCC_DYNAMIC_NO_PIC = NO;
				GCC_NO_COMMON_BLOCKS = YES;
				GCC_OPTIMIZATION_LEVEL = 0;
				GCC_PREPROCESSOR_DEFINITIONS = (
					"DEBUG=1",
					"$(inherited)",
				);
				GCC_WARN_64_TO_32_BIT_CONVERSION = YES;
				GCC_WARN_ABOUT_RETURN_TYPE = YES_ERROR;
				GCC_WARN_UNDECLARED_SELECTOR = YES;
				GCC_WARN_UNINITIALIZED_AUTOS = YES_AGGRESSIVE;
				GCC_WARN_UNUSED_FUNCTION = YES;
				GCC_WARN_UNUSED_VARIABLE = YES;
				IPHONEOS_DEPLOYMENT_TARGET = 16.0;
				MTL_ENABLE_DEBUG_INFO = INCLUDE_SOURCE;
				MTL_FAST_MATH = YES;
				ONLY_ACTIVE_ARCH = YES;
				SDKROOT = iphoneos;
				SWIFT_ACTIVE_COMPILATION_CONDITIONS = DEBUG;
				SWIFT_OPTIMIZATION_LEVEL = "-Onone";
			};
			name = Debug;
		};
		C08486712915396C00C62268 /* Release */ = {
			isa = XCBuildConfiguration;
			buildSettings = {
				ALWAYS_SEARCH_USER_PATHS = NO;
				CLANG_ANALYZER_NONNULL = YES;
				CLANG_ANALYZER_NUMBER_OBJECT_CONVERSION = YES_AGGRESSIVE;
				CLANG_CXX_LANGUAGE_STANDARD = "gnu++20";
				CLANG_ENABLE_MODULES = YES;
				CLANG_ENABLE_OBJC_ARC = YES;
				CLANG_ENABLE_OBJC_WEAK = YES;
				CLANG_WARN_BLOCK_CAPTURE_AUTORELEASING = YES;
				CLANG_WARN_BOOL_CONVERSION = YES;
				CLANG_WARN_COMMA = YES;
				CLANG_WARN_CONSTANT_CONVERSION = YES;
				CLANG_WARN_DEPRECATED_OBJC_IMPLEMENTATIONS = YES;
				CLANG_WARN_DIRECT_OBJC_ISA_USAGE = YES_ERROR;
				CLANG_WARN_DOCUMENTATION_COMMENTS = YES;
				CLANG_WARN_EMPTY_BODY = YES;
				CLANG_WARN_ENUM_CONVERSION = YES;
				CLANG_WARN_INFINITE_RECURSION = YES;
				CLANG_WARN_INT_CONVERSION = YES;
				CLANG_WARN_NON_LITERAL_NULL_CONVERSION = YES;
				CLANG_WARN_OBJC_IMPLICIT_RETAIN_SELF = YES;
				CLANG_WARN_OBJC_LITERAL_CONVERSION = YES;
				CLANG_WARN_OBJC_ROOT_CLASS = YES_ERROR;
				CLANG_WARN_QUOTED_INCLUDE_IN_FRAMEWORK_HEADER = YES;
				CLANG_WARN_RANGE_LOOP_ANALYSIS = YES;
				CLANG_WARN_STRICT_PROTOTYPES = YES;
				CLANG_WARN_SUSPICIOUS_MOVE = YES;
				CLANG_WARN_UNGUARDED_AVAILABILITY = YES_AGGRESSIVE;
				CLANG_WARN_UNREACHABLE_CODE = YES;
				CLANG_WARN__DUPLICATE_METHOD_MATCH = YES;
				COPY_PHASE_STRIP = NO;
				DEBUG_INFORMATION_FORMAT = "dwarf-with-dsym";
				ENABLE_NS_ASSERTIONS = NO;
				ENABLE_STRICT_OBJC_MSGSEND = YES;
				GCC_C_LANGUAGE_STANDARD = gnu11;
				GCC_NO_COMMON_BLOCKS = YES;
				GCC_WARN_64_TO_32_BIT_CONVERSION = YES;
				GCC_WARN_ABOUT_RETURN_TYPE = YES_ERROR;
				GCC_WARN_UNDECLARED_SELECTOR = YES;
				GCC_WARN_UNINITIALIZED_AUTOS = YES_AGGRESSIVE;
				GCC_WARN_UNUSED_FUNCTION = YES;
				GCC_WARN_UNUSED_VARIABLE = YES;
				IPHONEOS_DEPLOYMENT_TARGET = 16.0;
				MTL_ENABLE_DEBUG_INFO = NO;
				MTL_FAST_MATH = YES;
				SDKROOT = iphoneos;
				SWIFT_COMPILATION_MODE = wholemodule;
				SWIFT_OPTIMIZATION_LEVEL = "-O";
				VALIDATE_PRODUCT = YES;
			};
			name = Release;
		};
		C08486732915396C00C62268 /* Debug */ = {
			isa = XCBuildConfiguration;
			buildSettings = {
				ASSETCATALOG_COMPILER_APPICON_NAME = AppIcon;
				ASSETCATALOG_COMPILER_GLOBAL_ACCENT_COLOR_NAME = AccentColor;
				CODE_SIGN_STYLE = Automatic;
				CURRENT_PROJECT_VERSION = 1;
				GENERATE_INFOPLIST_FILE = YES;
				INFOPLIST_FILE = "2 - Notification Center Uygulama/Info.plist";
				INFOPLIST_KEY_UIApplicationSupportsIndirectInputEvents = YES;
				INFOPLIST_KEY_UILaunchStoryboardName = LaunchScreen;
				INFOPLIST_KEY_UIMainStoryboardFile = Main;
				INFOPLIST_KEY_UISupportedInterfaceOrientations_iPad = "UIInterfaceOrientationPortrait UIInterfaceOrientationPortraitUpsideDown UIInterfaceOrientationLandscapeLeft UIInterfaceOrientationLandscapeRight";
				INFOPLIST_KEY_UISupportedInterfaceOrientations_iPhone = "UIInterfaceOrientationPortrait UIInterfaceOrientationLandscapeLeft UIInterfaceOrientationLandscapeRight";
				LD_RUNPATH_SEARCH_PATHS = (
					"$(inherited)",
					"@executable_path/Frameworks",
				);
				MARKETING_VERSION = 1.0;
				PRODUCT_BUNDLE_IDENTIFIER = "info.----Notification-Center-Uygulama";
				PRODUCT_NAME = "$(TARGET_NAME)";
				SWIFT_EMIT_LOC_STRINGS = YES;
				SWIFT_VERSION = 5.0;
				TARGETED_DEVICE_FAMILY = "1,2";
			};
			name = Debug;
		};
		C08486742915396C00C62268 /* Release */ = {
			isa = XCBuildConfiguration;
			buildSettings = {
				ASSETCATALOG_COMPILER_APPICON_NAME = AppIcon;
				ASSETCATALOG_COMPILER_GLOBAL_ACCENT_COLOR_NAME = AccentColor;
				CODE_SIGN_STYLE = Automatic;
				CURRENT_PROJECT_VERSION = 1;
				GENERATE_INFOPLIST_FILE = YES;
				INFOPLIST_FILE = "2 - Notification Center Uygulama/Info.plist";
				INFOPLIST_KEY_UIApplicationSupportsIndirectInputEvents = YES;
				INFOPLIST_KEY_UILaunchStoryboardName = LaunchScreen;
				INFOPLIST_KEY_UIMainStoryboardFile = Main;
				INFOPLIST_KEY_UISupportedInterfaceOrientations_iPad = "UIInterfaceOrientationPortrait UIInterfaceOrientationPortraitUpsideDown UIInterfaceOrientationLandscapeLeft UIInterfaceOrientationLandscapeRight";
				INFOPLIST_KEY_UISupportedInterfaceOrientations_iPhone = "UIInterfaceOrientationPortrait UIInterfaceOrientationLandscapeLeft UIInterfaceOrientationLandscapeRight";
				LD_RUNPATH_SEARCH_PATHS = (
					"$(inherited)",
					"@executable_path/Frameworks",
				);
				MARKETING_VERSION = 1.0;
				PRODUCT_BUNDLE_IDENTIFIER = "info.----Notification-Center-Uygulama";
				PRODUCT_NAME = "$(TARGET_NAME)";
				SWIFT_EMIT_LOC_STRINGS = YES;
				SWIFT_VERSION = 5.0;
				TARGETED_DEVICE_FAMILY = "1,2";
			};
			name = Release;
		};
/* End XCBuildConfiguration section */

/* Begin XCConfigurationList section */
		C08486562915396300C62268 /* Build configuration list for PBXProject "2 - Notification Center Uygulama" */ = {
			isa = XCConfigurationList;
			buildConfigurations = (
				C08486702915396C00C62268 /* Debug */,
				C08486712915396C00C62268 /* Release */,
			);
			defaultConfigurationIsVisible = 0;
			defaultConfigurationName = Release;
		};
		C08486722915396C00C62268 /* Build configuration list for PBXNativeTarget "2 - Notification Center Uygulama" */ = {
			isa = XCConfigurationList;
			buildConfigurations = (
				C08486732915396C00C62268 /* Debug */,
				C08486742915396C00C62268 /* Release */,
			);
			defaultConfigurationIsVisible = 0;
			defaultConfigurationName = Release;
		};
/* End XCConfigurationList section */

/* Begin XCVersionGroup section */
		C08486672915396300C62268 /* ____Notification_Center_Uygulama.xcdatamodeld */ = {
			isa = XCVersionGroup;
			children = (
				C08486682915396300C62268 /* ____Notification_Center_Uygulama.xcdatamodel */,
			);
			currentVersion = C08486682915396300C62268 /* ____Notification_Center_Uygulama.xcdatamodel */;
			path = "____Notification_Center_Uygulama.xcdatamodeld";
			sourceTree = "<group>";
			versionGroupType = wrapper.xcdatamodel;
		};
/* End XCVersionGroup section */
	};
	rootObject = C08486532915396300C62268 /* Project object */;
}
