// !$*UTF8*$!
{
	archiveVersion = 1;
	classes = {
	};
	objectVersion = 52;
	objects = {

/* Begin PBXBuildFile section */
		7931961022EF303D009C0228 /* AppDelegate.swift in Sources */ = {isa = PBXBuildFile; fileRef = 7931960F22EF303D009C0228 /* AppDelegate.swift */; };
		7931961222EF303D009C0228 /* ViewController.swift in Sources */ = {isa = PBXBuildFile; fileRef = 7931961122EF303D009C0228 /* ViewController.swift */; };
		7931961522EF303D009C0228 /* Main.storyboard in Resources */ = {isa = PBXBuildFile; fileRef = 7931961322EF303D009C0228 /* Main.storyboard */; };
		7931961722EF303E009C0228 /* Assets.xcassets in Resources */ = {isa = PBXBuildFile; fileRef = 7931961622EF303E009C0228 /* Assets.xcassets */; };
		7931961A22EF303E009C0228 /* LaunchScreen.storyboard in Resources */ = {isa = PBXBuildFile; fileRef = 7931961822EF303E009C0228 /* LaunchScreen.storyboard */; };
		7931963E22EF3116009C0228 /* KisiHucreTableViewCell.swift in Sources */ = {isa = PBXBuildFile; fileRef = 7931963D22EF3116009C0228 /* KisiHucreTableViewCell.swift */; };
		7931964022EF328C009C0228 /* KisiEkleViewController.swift in Sources */ = {isa = PBXBuildFile; fileRef = 7931963F22EF328C009C0228 /* KisiEkleViewController.swift */; };
		7931964222EF32A0009C0228 /* KisiGuncelleViewController.swift in Sources */ = {isa = PBXBuildFile; fileRef = 7931964122EF32A0009C0228 /* KisiGuncelleViewController.swift */; };
		7931964422EF32B5009C0228 /* KisiDetayViewController.swift in Sources */ = {isa = PBXBuildFile; fileRef = 7931964322EF32B5009C0228 /* KisiDetayViewController.swift */; };
		C0C6152A292CBDD800344484 /* GoogleService-Info.plist in Resources */ = {isa = PBXBuildFile; fileRef = C0C61529292CBDD800344484 /* GoogleService-Info.plist */; };
		C0C6152D292CBE8400344484 /* FirebaseDatabase in Frameworks */ = {isa = PBXBuildFile; productRef = C0C6152C292CBE8400344484 /* FirebaseDatabase */; };
		C0C6152F292CC05200344484 /* Kisiler.swift in Sources */ = {isa = PBXBuildFile; fileRef = C0C6152E292CC05200344484 /* Kisiler.swift */; };
/* End PBXBuildFile section */

/* Begin PBXContainerItemProxy section */
		7931962122EF303E009C0228 /* PBXContainerItemProxy */ = {
			isa = PBXContainerItemProxy;
			containerPortal = 7931960422EF303D009C0228 /* Project object */;
			proxyType = 1;
			remoteGlobalIDString = 7931960B22EF303D009C0228;
			remoteInfo = KisilerUygulamasi;
		};
		7931962C22EF303E009C0228 /* PBXContainerItemProxy */ = {
			isa = PBXContainerItemProxy;
			containerPortal = 7931960422EF303D009C0228 /* Project object */;
			proxyType = 1;
			remoteGlobalIDString = 7931960B22EF303D009C0228;
			remoteInfo = KisilerUygulamasi;
		};
/* End PBXContainerItemProxy section */

/* Begin PBXFileReference section */
		7931960C22EF303D009C0228 /* KisilerUygulamasi.app */ = {isa = PBXFileReference; explicitFileType = wrapper.application; includeInIndex = 0; path = KisilerUygulamasi.app; sourceTree = BUILT_PRODUCTS_DIR; };
		7931960F22EF303D009C0228 /* AppDelegate.swift */ = {isa = PBXFileReference; lastKnownFileType = sourcecode.swift; path = AppDelegate.swift; sourceTree = "<group>"; };
		7931961122EF303D009C0228 /* ViewController.swift */ = {isa = PBXFileReference; lastKnownFileType = sourcecode.swift; path = ViewController.swift; sourceTree = "<group>"; };
		7931961422EF303D009C0228 /* Base */ = {isa = PBXFileReference; lastKnownFileType = file.storyboard; name = Base; path = Base.lproj/Main.storyboard; sourceTree = "<group>"; };
		7931961622EF303E009C0228 /* Assets.xcassets */ = {isa = PBXFileReference; lastKnownFileType = folder.assetcatalog; path = Assets.xcassets; sourceTree = "<group>"; };
		7931961922EF303E009C0228 /* Base */ = {isa = PBXFileReference; lastKnownFileType = file.storyboard; name = Base; path = Base.lproj/LaunchScreen.storyboard; sourceTree = "<group>"; };
		7931961B22EF303E009C0228 /* Info.plist */ = {isa = PBXFileReference; lastKnownFileType = text.plist.xml; path = Info.plist; sourceTree = "<group>"; };
		7931962022EF303E009C0228 /* KisilerUygulamasiTests.xctest */ = {isa = PBXFileReference; explicitFileType = wrapper.cfbundle; includeInIndex = 0; path = KisilerUygulamasiTests.xctest; sourceTree = BUILT_PRODUCTS_DIR; };
		7931962B22EF303E009C0228 /* KisilerUygulamasiUITests.xctest */ = {isa = PBXFileReference; explicitFileType = wrapper.cfbundle; includeInIndex = 0; path = KisilerUygulamasiUITests.xctest; sourceTree = BUILT_PRODUCTS_DIR; };
		7931963D22EF3116009C0228 /* KisiHucreTableViewCell.swift */ = {isa = PBXFileReference; lastKnownFileType = sourcecode.swift; path = KisiHucreTableViewCell.swift; sourceTree = "<group>"; };
		7931963F22EF328C009C0228 /* KisiEkleViewController.swift */ = {isa = PBXFileReference; lastKnownFileType = sourcecode.swift; path = KisiEkleViewController.swift; sourceTree = "<group>"; };
		7931964122EF32A0009C0228 /* KisiGuncelleViewController.swift */ = {isa = PBXFileReference; lastKnownFileType = sourcecode.swift; path = KisiGuncelleViewController.swift; sourceTree = "<group>"; };
		7931964322EF32B5009C0228 /* KisiDetayViewController.swift */ = {isa = PBXFileReference; lastKnownFileType = sourcecode.swift; path = KisiDetayViewController.swift; sourceTree = "<group>"; };
		C0C61529292CBDD800344484 /* GoogleService-Info.plist */ = {isa = PBXFileReference; fileEncoding = 4; lastKnownFileType = text.plist.xml; path = "GoogleService-Info.plist"; sourceTree = "<group>"; };
		C0C6152E292CC05200344484 /* Kisiler.swift */ = {isa = PBXFileReference; lastKnownFileType = sourcecode.swift; path = Kisiler.swift; sourceTree = "<group>"; };
/* End PBXFileReference section */

/* Begin PBXFrameworksBuildPhase section */
		7931960922EF303D009C0228 /* Frameworks */ = {
			isa = PBXFrameworksBuildPhase;
			buildActionMask = 2147483647;
			files = (
				C0C6152D292CBE8400344484 /* FirebaseDatabase in Frameworks */,
			);
			runOnlyForDeploymentPostprocessing = 0;
		};
		7931961D22EF303E009C0228 /* Frameworks */ = {
			isa = PBXFrameworksBuildPhase;
			buildActionMask = 2147483647;
			files = (
			);
			runOnlyForDeploymentPostprocessing = 0;
		};
		7931962822EF303E009C0228 /* Frameworks */ = {
			isa = PBXFrameworksBuildPhase;
			buildActionMask = 2147483647;
			files = (
			);
			runOnlyForDeploymentPostprocessing = 0;
		};
/* End PBXFrameworksBuildPhase section */

/* Begin PBXGroup section */
		7931960322EF303D009C0228 = {
			isa = PBXGroup;
			children = (
				7931960E22EF303D009C0228 /* KisilerUygulamasi */,
				7931960D22EF303D009C0228 /* Products */,
			);
			sourceTree = "<group>";
		};
		7931960D22EF303D009C0228 /* Products */ = {
			isa = PBXGroup;
			children = (
				7931960C22EF303D009C0228 /* KisilerUygulamasi.app */,
				7931962022EF303E009C0228 /* KisilerUygulamasiTests.xctest */,
				7931962B22EF303E009C0228 /* KisilerUygulamasiUITests.xctest */,
			);
			name = Products;
			sourceTree = "<group>";
		};
		7931960E22EF303D009C0228 /* KisilerUygulamasi */ = {
			isa = PBXGroup;
			children = (
				7931960F22EF303D009C0228 /* AppDelegate.swift */,
				7931961122EF303D009C0228 /* ViewController.swift */,
				7931961322EF303D009C0228 /* Main.storyboard */,
				7931961622EF303E009C0228 /* Assets.xcassets */,
				7931961822EF303E009C0228 /* LaunchScreen.storyboard */,
				7931961B22EF303E009C0228 /* Info.plist */,
				7931963D22EF3116009C0228 /* KisiHucreTableViewCell.swift */,
				7931963F22EF328C009C0228 /* KisiEkleViewController.swift */,
				7931964122EF32A0009C0228 /* KisiGuncelleViewController.swift */,
				7931964322EF32B5009C0228 /* KisiDetayViewController.swift */,
				C0C61529292CBDD800344484 /* GoogleService-Info.plist */,
				C0C6152E292CC05200344484 /* Kisiler.swift */,
			);
			path = KisilerUygulamasi;
			sourceTree = "<group>";
		};
/* End PBXGroup section */

/* Begin PBXNativeTarget section */
		7931960B22EF303D009C0228 /* KisilerUygulamasi */ = {
			isa = PBXNativeTarget;
			buildConfigurationList = 7931963422EF303E009C0228 /* Build configuration list for PBXNativeTarget "KisilerUygulamasi" */;
			buildPhases = (
				7931960822EF303D009C0228 /* Sources */,
				7931960922EF303D009C0228 /* Frameworks */,
				7931960A22EF303D009C0228 /* Resources */,
			);
			buildRules = (
			);
			dependencies = (
			);
			name = KisilerUygulamasi;
			packageProductDependencies = (
				C0C6152C292CBE8400344484 /* FirebaseDatabase */,
			);
			productName = KisilerUygulamasi;
			productReference = 7931960C22EF303D009C0228 /* KisilerUygulamasi.app */;
			productType = "com.apple.product-type.application";
		};
		7931961F22EF303E009C0228 /* KisilerUygulamasiTests */ = {
			isa = PBXNativeTarget;
			buildConfigurationList = 7931963722EF303E009C0228 /* Build configuration list for PBXNativeTarget "KisilerUygulamasiTests" */;
			buildPhases = (
				7931961C22EF303E009C0228 /* Sources */,
				7931961D22EF303E009C0228 /* Frameworks */,
				7931961E22EF303E009C0228 /* Resources */,
			);
			buildRules = (
			);
			dependencies = (
				7931962222EF303E009C0228 /* PBXTargetDependency */,
			);
			name = KisilerUygulamasiTests;
			productName = KisilerUygulamasiTests;
			productReference = 7931962022EF303E009C0228 /* KisilerUygulamasiTests.xctest */;
			productType = "com.apple.product-type.bundle.unit-test";
		};
		7931962A22EF303E009C0228 /* KisilerUygulamasiUITests */ = {
			isa = PBXNativeTarget;
			buildConfigurationList = 7931963A22EF303E009C0228 /* Build configuration list for PBXNativeTarget "KisilerUygulamasiUITests" */;
			buildPhases = (
				7931962722EF303E009C0228 /* Sources */,
				7931962822EF303E009C0228 /* Frameworks */,
				7931962922EF303E009C0228 /* Resources */,
			);
			buildRules = (
			);
			dependencies = (
				7931962D22EF303E009C0228 /* PBXTargetDependency */,
			);
			name = KisilerUygulamasiUITests;
			productName = KisilerUygulamasiUITests;
			productReference = 7931962B22EF303E009C0228 /* KisilerUygulamasiUITests.xctest */;
			productType = "com.apple.product-type.bundle.ui-testing";
		};
/* End PBXNativeTarget section */

/* Begin PBXProject section */
		7931960422EF303D009C0228 /* Project object */ = {
			isa = PBXProject;
			attributes = {
				LastSwiftUpdateCheck = 1030;
				LastUpgradeCheck = 1030;
				ORGANIZATIONNAME = info;
				TargetAttributes = {
					7931960B22EF303D009C0228 = {
						CreatedOnToolsVersion = 10.3;
					};
					7931961F22EF303E009C0228 = {
						CreatedOnToolsVersion = 10.3;
						TestTargetID = 7931960B22EF303D009C0228;
					};
					7931962A22EF303E009C0228 = {
						CreatedOnToolsVersion = 10.3;
						TestTargetID = 7931960B22EF303D009C0228;
					};
				};
			};
			buildConfigurationList = 7931960722EF303D009C0228 /* Build configuration list for PBXProject "KisilerUygulamasi" */;
			compatibilityVersion = "Xcode 9.3";
			developmentRegion = en;
			hasScannedForEncodings = 0;
			knownRegions = (
				en,
				Base,
			);
			mainGroup = 7931960322EF303D009C0228;
			packageReferences = (
				C0C6152B292CBE8400344484 /* XCRemoteSwiftPackageReference "firebase-ios-sdk" */,
			);
			productRefGroup = 7931960D22EF303D009C0228 /* Products */;
			projectDirPath = "";
			projectRoot = "";
			targets = (
				7931960B22EF303D009C0228 /* KisilerUygulamasi */,
				7931961F22EF303E009C0228 /* KisilerUygulamasiTests */,
				7931962A22EF303E009C0228 /* KisilerUygulamasiUITests */,
			);
		};
/* End PBXProject section */

/* Begin PBXResourcesBuildPhase section */
		7931960A22EF303D009C0228 /* Resources */ = {
			isa = PBXResourcesBuildPhase;
			buildActionMask = 2147483647;
			files = (
				7931961A22EF303E009C0228 /* LaunchScreen.storyboard in Resources */,
				C0C6152A292CBDD800344484 /* GoogleService-Info.plist in Resources */,
				7931961722EF303E009C0228 /* Assets.xcassets in Resources */,
				7931961522EF303D009C0228 /* Main.storyboard in Resources */,
			);
			runOnlyForDeploymentPostprocessing = 0;
		};
		7931961E22EF303E009C0228 /* Resources */ = {
			isa = PBXResourcesBuildPhase;
			buildActionMask = 2147483647;
			files = (
			);
			runOnlyForDeploymentPostprocessing = 0;
		};
		7931962922EF303E009C0228 /* Resources */ = {
			isa = PBXResourcesBuildPhase;
			buildActionMask = 2147483647;
			files = (
			);
			runOnlyForDeploymentPostprocessing = 0;
		};
/* End PBXResourcesBuildPhase section */

/* Begin PBXSourcesBuildPhase section */
		7931960822EF303D009C0228 /* Sources */ = {
			isa = PBXSourcesBuildPhase;
			buildActionMask = 2147483647;
			files = (
				7931964422EF32B5009C0228 /* KisiDetayViewController.swift in Sources */,
				7931961222EF303D009C0228 /* ViewController.swift in Sources */,
				C0C6152F292CC05200344484 /* Kisiler.swift in Sources */,
				7931961022EF303D009C0228 /* AppDelegate.swift in Sources */,
				7931963E22EF3116009C0228 /* KisiHucreTableViewCell.swift in Sources */,
				7931964222EF32A0009C0228 /* KisiGuncelleViewController.swift in Sources */,
				7931964022EF328C009C0228 /* KisiEkleViewController.swift in Sources */,
			);
			runOnlyForDeploymentPostprocessing = 0;
		};
		7931961C22EF303E009C0228 /* Sources */ = {
			isa = PBXSourcesBuildPhase;
			buildActionMask = 2147483647;
			files = (
			);
			runOnlyForDeploymentPostprocessing = 0;
		};
		7931962722EF303E009C0228 /* Sources */ = {
			isa = PBXSourcesBuildPhase;
			buildActionMask = 2147483647;
			files = (
			);
			runOnlyForDeploymentPostprocessing = 0;
		};
/* End PBXSourcesBuildPhase section */

/* Begin PBXTargetDependency section */
		7931962222EF303E009C0228 /* PBXTargetDependency */ = {
			isa = PBXTargetDependency;
			target = 7931960B22EF303D009C0228 /* KisilerUygulamasi */;
			targetProxy = 7931962122EF303E009C0228 /* PBXContainerItemProxy */;
		};
		7931962D22EF303E009C0228 /* PBXTargetDependency */ = {
			isa = PBXTargetDependency;
			target = 7931960B22EF303D009C0228 /* KisilerUygulamasi */;
			targetProxy = 7931962C22EF303E009C0228 /* PBXContainerItemProxy */;
		};
/* End PBXTargetDependency section */

/* Begin PBXVariantGroup section */
		7931961322EF303D009C0228 /* Main.storyboard */ = {
			isa = PBXVariantGroup;
			children = (
				7931961422EF303D009C0228 /* Base */,
			);
			name = Main.storyboard;
			sourceTree = "<group>";
		};
		7931961822EF303E009C0228 /* LaunchScreen.storyboard */ = {
			isa = PBXVariantGroup;
			children = (
				7931961922EF303E009C0228 /* Base */,
			);
			name = LaunchScreen.storyboard;
			sourceTree = "<group>";
		};
/* End PBXVariantGroup section */

/* Begin XCBuildConfiguration section */
		7931963222EF303E009C0228 /* Debug */ = {
			isa = XCBuildConfiguration;
			buildSettings = {
				ALWAYS_SEARCH_USER_PATHS = NO;
				CLANG_ANALYZER_NONNULL = YES;
				CLANG_ANALYZER_NUMBER_OBJECT_CONVERSION = YES_AGGRESSIVE;
				CLANG_CXX_LANGUAGE_STANDARD = "gnu++14";
				CLANG_CXX_LIBRARY = "libc++";
				CLANG_ENABLE_MODULES = YES;
				CLANG_ENABLE_OBJC_ARC = YES;
				CLANG_ENABLE_OBJC_WEAK = YES;
				CLANG_WARN_BLOCK_CAPTURE_AUTORELEASING = YES;
				CLANG_WARN_BOOL_CONVERSION = YES;
				CLANG_WARN_COMMA = YES;
				CLANG_WARN_CONSTANT_CONVERSION = YES;
				CLANG_WARN_DEPRECATED_OBJC_IMPLEMENTATIONS = YES;
				CLANG_WARN_DIRECT_OBJC_ISA_USAGE = YES_ERROR;
				CLANG_WARN_DOCUMENTATION_COMMENTS = YES;
				CLANG_WARN_EMPTY_BODY = YES;
				CLANG_WARN_ENUM_CONVERSION = YES;
				CLANG_WARN_INFINITE_RECURSION = YES;
				CLANG_WARN_INT_CONVERSION = YES;
				CLANG_WARN_NON_LITERAL_NULL_CONVERSION = YES;
				CLANG_WARN_OBJC_IMPLICIT_RETAIN_SELF = YES;
				CLANG_WARN_OBJC_LITERAL_CONVERSION = YES;
				CLANG_WARN_OBJC_ROOT_CLASS = YES_ERROR;
				CLANG_WARN_RANGE_LOOP_ANALYSIS = YES;
				CLANG_WARN_STRICT_PROTOTYPES = YES;
				CLANG_WARN_SUSPICIOUS_MOVE = YES;
				CLANG_WARN_UNGUARDED_AVAILABILITY = YES_AGGRESSIVE;
				CLANG_WARN_UNREACHABLE_CODE = YES;
				CLANG_WARN__DUPLICATE_METHOD_MATCH = YES;
				CODE_SIGN_IDENTITY = "iPhone Developer";
				COPY_PHASE_STRIP = NO;
				DEBUG_INFORMATION_FORMAT = dwarf;
				ENABLE_STRICT_OBJC_MSGSEND = YES;
				ENABLE_TESTABILITY = YES;
				GCC_C_LANGUAGE_STANDARD = gnu11;
				GCC_DYNAMIC_NO_PIC = NO;
				GCC_NO_COMMON_BLOCKS = YES;
				GCC_OPTIMIZATION_LEVEL = 0;
				GCC_PREPROCESSOR_DEFINITIONS = (
					"DEBUG=1",
					"$(inherited)",
				);
				GCC_WARN_64_TO_32_BIT_CONVERSION = YES;
				GCC_WARN_ABOUT_RETURN_TYPE = YES_ERROR;
				GCC_WARN_UNDECLARED_SELECTOR = YES;
				GCC_WARN_UNINITIALIZED_AUTOS = YES_AGGRESSIVE;
				GCC_WARN_UNUSED_FUNCTION = YES;
				GCC_WARN_UNUSED_VARIABLE = YES;
				IPHONEOS_DEPLOYMENT_TARGET = 12.4;
				MTL_ENABLE_DEBUG_INFO = INCLUDE_SOURCE;
				MTL_FAST_MATH = YES;
				ONLY_ACTIVE_ARCH = YES;
				SDKROOT = iphoneos;
				SWIFT_ACTIVE_COMPILATION_CONDITIONS = DEBUG;
				SWIFT_OPTIMIZATION_LEVEL = "-Onone";
			};
			name = Debug;
		};
		7931963322EF303E009C0228 /* Release */ = {
			isa = XCBuildConfiguration;
			buildSettings = {
				ALWAYS_SEARCH_USER_PATHS = NO;
				CLANG_ANALYZER_NONNULL = YES;
				CLANG_ANALYZER_NUMBER_OBJECT_CONVERSION = YES_AGGRESSIVE;
				CLANG_CXX_LANGUAGE_STANDARD = "gnu++14";
				CLANG_CXX_LIBRARY = "libc++";
				CLANG_ENABLE_MODULES = YES;
				CLANG_ENABLE_OBJC_ARC = YES;
				CLANG_ENABLE_OBJC_WEAK = YES;
				CLANG_WARN_BLOCK_CAPTURE_AUTORELEASING = YES;
				CLANG_WARN_BOOL_CONVERSION = YES;
				CLANG_WARN_COMMA = YES;
				CLANG_WARN_CONSTANT_CONVERSION = YES;
				CLANG_WARN_DEPRECATED_OBJC_IMPLEMENTATIONS = YES;
				CLANG_WARN_DIRECT_OBJC_ISA_USAGE = YES_ERROR;
				CLANG_WARN_DOCUMENTATION_COMMENTS = YES;
				CLANG_WARN_EMPTY_BODY = YES;
				CLANG_WARN_ENUM_CONVERSION = YES;
				CLANG_WARN_INFINITE_RECURSION = YES;
				CLANG_WARN_INT_CONVERSION = YES;
				CLANG_WARN_NON_LITERAL_NULL_CONVERSION = YES;
				CLANG_WARN_OBJC_IMPLICIT_RETAIN_SELF = YES;
				CLANG_WARN_OBJC_LITERAL_CONVERSION = YES;
				CLANG_WARN_OBJC_ROOT_CLASS = YES_ERROR;
				CLANG_WARN_RANGE_LOOP_ANALYSIS = YES;
				CLANG_WARN_STRICT_PROTOTYPES = YES;
				CLANG_WARN_SUSPICIOUS_MOVE = YES;
				CLANG_WARN_UNGUARDED_AVAILABILITY = YES_AGGRESSIVE;
				CLANG_WARN_UNREACHABLE_CODE = YES;
				CLANG_WARN__DUPLICATE_METHOD_MATCH = YES;
				CODE_SIGN_IDENTITY = "iPhone Developer";
				COPY_PHASE_STRIP = NO;
				DEBUG_INFORMATION_FORMAT = "dwarf-with-dsym";
				ENABLE_NS_ASSERTIONS = NO;
				ENABLE_STRICT_OBJC_MSGSEND = YES;
				GCC_C_LANGUAGE_STANDARD = gnu11;
				GCC_NO_COMMON_BLOCKS = YES;
				GCC_WARN_64_TO_32_BIT_CONVERSION = YES;
				GCC_WARN_ABOUT_RETURN_TYPE = YES_ERROR;
				GCC_WARN_UNDECLARED_SELECTOR = YES;
				GCC_WARN_UNINITIALIZED_AUTOS = YES_AGGRESSIVE;
				GCC_WARN_UNUSED_FUNCTION = YES;
				GCC_WARN_UNUSED_VARIABLE = YES;
				IPHONEOS_DEPLOYMENT_TARGET = 12.4;
				MTL_ENABLE_DEBUG_INFO = NO;
				MTL_FAST_MATH = YES;
				SDKROOT = iphoneos;
				SWIFT_COMPILATION_MODE = wholemodule;
				SWIFT_OPTIMIZATION_LEVEL = "-O";
				VALIDATE_PRODUCT = YES;
			};
			name = Release;
		};
		7931963522EF303E009C0228 /* Debug */ = {
			isa = XCBuildConfiguration;
			buildSettings = {
				ASSETCATALOG_COMPILER_APPICON_NAME = AppIcon;
				CODE_SIGN_STYLE = Automatic;
				INFOPLIST_FILE = KisilerUygulamasi/Info.plist;
				LD_RUNPATH_SEARCH_PATHS = (
					"$(inherited)",
					"@executable_path/Frameworks",
				);
				PRODUCT_BUNDLE_IDENTIFIER = info.KisilerUygulamasi;
				PRODUCT_NAME = "$(TARGET_NAME)";
				SWIFT_VERSION = 5.0;
				TARGETED_DEVICE_FAMILY = "1,2";
			};
			name = Debug;
		};
		7931963622EF303E009C0228 /* Release */ = {
			isa = XCBuildConfiguration;
			buildSettings = {
				ASSETCATALOG_COMPILER_APPICON_NAME = AppIcon;
				CODE_SIGN_STYLE = Automatic;
				INFOPLIST_FILE = KisilerUygulamasi/Info.plist;
				LD_RUNPATH_SEARCH_PATHS = (
					"$(inherited)",
					"@executable_path/Frameworks",
				);
				PRODUCT_BUNDLE_IDENTIFIER = info.KisilerUygulamasi;
				PRODUCT_NAME = "$(TARGET_NAME)";
				SWIFT_VERSION = 5.0;
				TARGETED_DEVICE_FAMILY = "1,2";
			};
			name = Release;
		};
		7931963822EF303E009C0228 /* Debug */ = {
			isa = XCBuildConfiguration;
			buildSettings = {
				ALWAYS_EMBED_SWIFT_STANDARD_LIBRARIES = YES;
				BUNDLE_LOADER = "$(TEST_HOST)";
				CODE_SIGN_STYLE = Automatic;
				INFOPLIST_FILE = KisilerUygulamasiTests/Info.plist;
				LD_RUNPATH_SEARCH_PATHS = (
					"$(inherited)",
					"@executable_path/Frameworks",
					"@loader_path/Frameworks",
				);
				PRODUCT_BUNDLE_IDENTIFIER = info.KisilerUygulamasiTests;
				PRODUCT_NAME = "$(TARGET_NAME)";
				SWIFT_VERSION = 5.0;
				TARGETED_DEVICE_FAMILY = "1,2";
				TEST_HOST = "$(BUILT_PRODUCTS_DIR)/KisilerUygulamasi.app/KisilerUygulamasi";
			};
			name = Debug;
		};
		7931963922EF303E009C0228 /* Release */ = {
			isa = XCBuildConfiguration;
			buildSettings = {
				ALWAYS_EMBED_SWIFT_STANDARD_LIBRARIES = YES;
				BUNDLE_LOADER = "$(TEST_HOST)";
				CODE_SIGN_STYLE = Automatic;
				INFOPLIST_FILE = KisilerUygulamasiTests/Info.plist;
				LD_RUNPATH_SEARCH_PATHS = (
					"$(inherited)",
					"@executable_path/Frameworks",
					"@loader_path/Frameworks",
				);
				PRODUCT_BUNDLE_IDENTIFIER = info.KisilerUygulamasiTests;
				PRODUCT_NAME = "$(TARGET_NAME)";
				SWIFT_VERSION = 5.0;
				TARGETED_DEVICE_FAMILY = "1,2";
				TEST_HOST = "$(BUILT_PRODUCTS_DIR)/KisilerUygulamasi.app/KisilerUygulamasi";
			};
			name = Release;
		};
		7931963B22EF303E009C0228 /* Debug */ = {
			isa = XCBuildConfiguration;
			buildSettings = {
				ALWAYS_EMBED_SWIFT_STANDARD_LIBRARIES = YES;
				CODE_SIGN_STYLE = Automatic;
				INFOPLIST_FILE = KisilerUygulamasiUITests/Info.plist;
				LD_RUNPATH_SEARCH_PATHS = (
					"$(inherited)",
					"@executable_path/Frameworks",
					"@loader_path/Frameworks",
				);
				PRODUCT_BUNDLE_IDENTIFIER = info.KisilerUygulamasiUITests;
				PRODUCT_NAME = "$(TARGET_NAME)";
				SWIFT_VERSION = 5.0;
				TARGETED_DEVICE_FAMILY = "1,2";
				TEST_TARGET_NAME = KisilerUygulamasi;
			};
			name = Debug;
		};
		7931963C22EF303E009C0228 /* Release */ = {
			isa = XCBuildConfiguration;
			buildSettings = {
				ALWAYS_EMBED_SWIFT_STANDARD_LIBRARIES = YES;
				CODE_SIGN_STYLE = Automatic;
				INFOPLIST_FILE = KisilerUygulamasiUITests/Info.plist;
				LD_RUNPATH_SEARCH_PATHS = (
					"$(inherited)",
					"@executable_path/Frameworks",
					"@loader_path/Frameworks",
				);
				PRODUCT_BUNDLE_IDENTIFIER = info.KisilerUygulamasiUITests;
				PRODUCT_NAME = "$(TARGET_NAME)";
				SWIFT_VERSION = 5.0;
				TARGETED_DEVICE_FAMILY = "1,2";
				TEST_TARGET_NAME = KisilerUygulamasi;
			};
			name = Release;
		};
/* End XCBuildConfiguration section */

/* Begin XCConfigurationList section */
		7931960722EF303D009C0228 /* Build configuration list for PBXProject "KisilerUygulamasi" */ = {
			isa = XCConfigurationList;
			buildConfigurations = (
				7931963222EF303E009C0228 /* Debug */,
				7931963322EF303E009C0228 /* Release */,
			);
			defaultConfigurationIsVisible = 0;
			defaultConfigurationName = Release;
		};
		7931963422EF303E009C0228 /* Build configuration list for PBXNativeTarget "KisilerUygulamasi" */ = {
			isa = XCConfigurationList;
			buildConfigurations = (
				7931963522EF303E009C0228 /* Debug */,
				7931963622EF303E009C0228 /* Release */,
			);
			defaultConfigurationIsVisible = 0;
			defaultConfigurationName = Release;
		};
		7931963722EF303E009C0228 /* Build configuration list for PBXNativeTarget "KisilerUygulamasiTests" */ = {
			isa = XCConfigurationList;
			buildConfigurations = (
				7931963822EF303E009C0228 /* Debug */,
				7931963922EF303E009C0228 /* Release */,
			);
			defaultConfigurationIsVisible = 0;
			defaultConfigurationName = Release;
		};
		7931963A22EF303E009C0228 /* Build configuration list for PBXNativeTarget "KisilerUygulamasiUITests" */ = {
			isa = XCConfigurationList;
			buildConfigurations = (
				7931963B22EF303E009C0228 /* Debug */,
				7931963C22EF303E009C0228 /* Release */,
			);
			defaultConfigurationIsVisible = 0;
			defaultConfigurationName = Release;
		};
/* End XCConfigurationList section */

/* Begin XCRemoteSwiftPackageReference section */
		C0C6152B292CBE8400344484 /* XCRemoteSwiftPackageReference "firebase-ios-sdk" */ = {
			isa = XCRemoteSwiftPackageReference;
			repositoryURL = "https://github.com/firebase/firebase-ios-sdk";
			requirement = {
				branch = master;
				kind = branch;
			};
		};
/* End XCRemoteSwiftPackageReference section */

/* Begin XCSwiftPackageProductDependency section */
		C0C6152C292CBE8400344484 /* FirebaseDatabase */ = {
			isa = XCSwiftPackageProductDependency;
			package = C0C6152B292CBE8400344484 /* XCRemoteSwiftPackageReference "firebase-ios-sdk" */;
			productName = FirebaseDatabase;
		};
/* End XCSwiftPackageProductDependency section */
	};
	rootObject = 7931960422EF303D009C0228 /* Project object */;
}
