// !$*UTF8*$!
{
	archiveVersion = 1;
	classes = {
	};
	objectVersion = 56;
	objects = {

/* Begin PBXBuildFile section */
		C092562E28EDAA970024B352 /* AppDelegate.swift in Sources */ = {isa = PBXBuildFile; fileRef = C092562D28EDAA970024B352 /* AppDelegate.swift */; };
		C092563028EDAA970024B352 /* SceneDelegate.swift in Sources */ = {isa = PBXBuildFile; fileRef = C092562F28EDAA970024B352 /* SceneDelegate.swift */; };
		C092563228EDAA970024B352 /* ViewController.swift in Sources */ = {isa = PBXBuildFile; fileRef = C092563128EDAA970024B352 /* ViewController.swift */; };
		C092563528EDAA970024B352 /* Main.storyboard in Resources */ = {isa = PBXBuildFile; fileRef = C092563328EDAA970024B352 /* Main.storyboard */; };
		C092563728EDAA9A0024B352 /* Assets.xcassets in Resources */ = {isa = PBXBuildFile; fileRef = C092563628EDAA9A0024B352 /* Assets.xcassets */; };
		C092563A28EDAA9A0024B352 /* LaunchScreen.storyboard in Resources */ = {isa = PBXBuildFile; fileRef = C092563828EDAA9A0024B352 /* LaunchScreen.storyboard */; };
		C092564228EDABE50024B352 /* SecondVCViewController.swift in Sources */ = {isa = PBXBuildFile; fileRef = C092564128EDABE50024B352 /* SecondVCViewController.swift */; };
/* End PBXBuildFile section */

/* Begin PBXFileReference section */
		C092562A28EDAA970024B352 /* 1 - Gorsel Nesnelerin Swift Sinifina Baglanmasi.app */ = {isa = PBXFileReference; explicitFileType = wrapper.application; includeInIndex = 0; path = "1 - Gorsel Nesnelerin Swift Sinifina Baglanmasi.app"; sourceTree = BUILT_PRODUCTS_DIR; };
		C092562D28EDAA970024B352 /* AppDelegate.swift */ = {isa = PBXFileReference; lastKnownFileType = sourcecode.swift; path = AppDelegate.swift; sourceTree = "<group>"; };
		C092562F28EDAA970024B352 /* SceneDelegate.swift */ = {isa = PBXFileReference; lastKnownFileType = sourcecode.swift; path = SceneDelegate.swift; sourceTree = "<group>"; };
		C092563128EDAA970024B352 /* ViewController.swift */ = {isa = PBXFileReference; lastKnownFileType = sourcecode.swift; path = ViewController.swift; sourceTree = "<group>"; };
		C092563428EDAA970024B352 /* Base */ = {isa = PBXFileReference; lastKnownFileType = file.storyboard; name = Base; path = Base.lproj/Main.storyboard; sourceTree = "<group>"; };
		C092563628EDAA9A0024B352 /* Assets.xcassets */ = {isa = PBXFileReference; lastKnownFileType = folder.assetcatalog; path = Assets.xcassets; sourceTree = "<group>"; };
		C092563928EDAA9A0024B352 /* Base */ = {isa = PBXFileReference; lastKnownFileType = file.storyboard; name = Base; path = Base.lproj/LaunchScreen.storyboard; sourceTree = "<group>"; };
		C092563B28EDAA9A0024B352 /* Info.plist */ = {isa = PBXFileReference; lastKnownFileType = text.plist.xml; path = Info.plist; sourceTree = "<group>"; };
		C092564128EDABE50024B352 /* SecondVCViewController.swift */ = {isa = PBXFileReference; lastKnownFileType = sourcecode.swift; path = SecondVCViewController.swift; sourceTree = "<group>"; };
/* End PBXFileReference section */

/* Begin PBXFrameworksBuildPhase section */
		C092562728EDAA970024B352 /* Frameworks */ = {
			isa = PBXFrameworksBuildPhase;
			buildActionMask = 2147483647;
			files = (
			);
			runOnlyForDeploymentPostprocessing = 0;
		};
/* End PBXFrameworksBuildPhase section */

/* Begin PBXGroup section */
		C092562128EDAA970024B352 = {
			isa = PBXGroup;
			children = (
				C092562C28EDAA970024B352 /* 1 - Gorsel Nesnelerin Swift Sinifina Baglanmasi */,
				C092562B28EDAA970024B352 /* Products */,
			);
			sourceTree = "<group>";
		};
		C092562B28EDAA970024B352 /* Products */ = {
			isa = PBXGroup;
			children = (
				C092562A28EDAA970024B352 /* 1 - Gorsel Nesnelerin Swift Sinifina Baglanmasi.app */,
			);
			name = Products;
			sourceTree = "<group>";
		};
		C092562C28EDAA970024B352 /* 1 - Gorsel Nesnelerin Swift Sinifina Baglanmasi */ = {
			isa = PBXGroup;
			children = (
				C092562D28EDAA970024B352 /* AppDelegate.swift */,
				C092562F28EDAA970024B352 /* SceneDelegate.swift */,
				C092563128EDAA970024B352 /* ViewController.swift */,
				C092564128EDABE50024B352 /* SecondVCViewController.swift */,
				C092563328EDAA970024B352 /* Main.storyboard */,
				C092563628EDAA9A0024B352 /* Assets.xcassets */,
				C092563828EDAA9A0024B352 /* LaunchScreen.storyboard */,
				C092563B28EDAA9A0024B352 /* Info.plist */,
			);
			path = "1 - Gorsel Nesnelerin Swift Sinifina Baglanmasi";
			sourceTree = "<group>";
		};
/* End PBXGroup section */

/* Begin PBXNativeTarget section */
		C092562928EDAA970024B352 /* 1 - Gorsel Nesnelerin Swift Sinifina Baglanmasi */ = {
			isa = PBXNativeTarget;
			buildConfigurationList = C092563E28EDAA9A0024B352 /* Build configuration list for PBXNativeTarget "1 - Gorsel Nesnelerin Swift Sinifina Baglanmasi" */;
			buildPhases = (
				C092562628EDAA970024B352 /* Sources */,
				C092562728EDAA970024B352 /* Frameworks */,
				C092562828EDAA970024B352 /* Resources */,
			);
			buildRules = (
			);
			dependencies = (
			);
			name = "1 - Gorsel Nesnelerin Swift Sinifina Baglanmasi";
			productName = "1 - Görsel Nesnelerin Swift Sınıfına Bağlanması";
			productReference = C092562A28EDAA970024B352 /* 1 - Gorsel Nesnelerin Swift Sinifina Baglanmasi.app */;
			productType = "com.apple.product-type.application";
		};
/* End PBXNativeTarget section */

/* Begin PBXProject section */
		C092562228EDAA970024B352 /* Project object */ = {
			isa = PBXProject;
			attributes = {
				BuildIndependentTargetsInParallel = 1;
				LastSwiftUpdateCheck = 1400;
				LastUpgradeCheck = 1400;
				TargetAttributes = {
					C092562928EDAA970024B352 = {
						CreatedOnToolsVersion = 14.0.1;
					};
				};
			};
			buildConfigurationList = C092562528EDAA970024B352 /* Build configuration list for PBXProject "1 - Gorsel Nesnelerin Swift Sinifina Baglanmasi" */;
			compatibilityVersion = "Xcode 14.0";
			developmentRegion = en;
			hasScannedForEncodings = 0;
			knownRegions = (
				en,
				Base,
			);
			mainGroup = C092562128EDAA970024B352;
			productRefGroup = C092562B28EDAA970024B352 /* Products */;
			projectDirPath = "";
			projectRoot = "";
			targets = (
				C092562928EDAA970024B352 /* 1 - Gorsel Nesnelerin Swift Sinifina Baglanmasi */,
			);
		};
/* End PBXProject section */

/* Begin PBXResourcesBuildPhase section */
		C092562828EDAA970024B352 /* Resources */ = {
			isa = PBXResourcesBuildPhase;
			buildActionMask = 2147483647;
			files = (
				C092563A28EDAA9A0024B352 /* LaunchScreen.storyboard in Resources */,
				C092563728EDAA9A0024B352 /* Assets.xcassets in Resources */,
				C092563528EDAA970024B352 /* Main.storyboard in Resources */,
			);
			runOnlyForDeploymentPostprocessing = 0;
		};
/* End PBXResourcesBuildPhase section */

/* Begin PBXSourcesBuildPhase section */
		C092562628EDAA970024B352 /* Sources */ = {
			isa = PBXSourcesBuildPhase;
			buildActionMask = 2147483647;
			files = (
				C092563228EDAA970024B352 /* ViewController.swift in Sources */,
				C092562E28EDAA970024B352 /* AppDelegate.swift in Sources */,
				C092563028EDAA970024B352 /* SceneDelegate.swift in Sources */,
				C092564228EDABE50024B352 /* SecondVCViewController.swift in Sources */,
			);
			runOnlyForDeploymentPostprocessing = 0;
		};
/* End PBXSourcesBuildPhase section */

/* Begin PBXVariantGroup section */
		C092563328EDAA970024B352 /* Main.storyboard */ = {
			isa = PBXVariantGroup;
			children = (
				C092563428EDAA970024B352 /* Base */,
			);
			name = Main.storyboard;
			sourceTree = "<group>";
		};
		C092563828EDAA9A0024B352 /* LaunchScreen.storyboard */ = {
			isa = PBXVariantGroup;
			children = (
				C092563928EDAA9A0024B352 /* Base */,
			);
			name = LaunchScreen.storyboard;
			sourceTree = "<group>";
		};
/* End PBXVariantGroup section */

/* Begin XCBuildConfiguration section */
		C092563C28EDAA9A0024B352 /* Debug */ = {
			isa = XCBuildConfiguration;
			buildSettings = {
				ALWAYS_SEARCH_USER_PATHS = NO;
				CLANG_ANALYZER_NONNULL = YES;
				CLANG_ANALYZER_NUMBER_OBJECT_CONVERSION = YES_AGGRESSIVE;
				CLANG_CXX_LANGUAGE_STANDARD = "gnu++20";
				CLANG_ENABLE_MODULES = YES;
				CLANG_ENABLE_OBJC_ARC = YES;
				CLANG_ENABLE_OBJC_WEAK = YES;
				CLANG_WARN_BLOCK_CAPTURE_AUTORELEASING = YES;
				CLANG_WARN_BOOL_CONVERSION = YES;
				CLANG_WARN_COMMA = YES;
				CLANG_WARN_CONSTANT_CONVERSION = YES;
				CLANG_WARN_DEPRECATED_OBJC_IMPLEMENTATIONS = YES;
				CLANG_WARN_DIRECT_OBJC_ISA_USAGE = YES_ERROR;
				CLANG_WARN_DOCUMENTATION_COMMENTS = YES;
				CLANG_WARN_EMPTY_BODY = YES;
				CLANG_WARN_ENUM_CONVERSION = YES;
				CLANG_WARN_INFINITE_RECURSION = YES;
				CLANG_WARN_INT_CONVERSION = YES;
				CLANG_WARN_NON_LITERAL_NULL_CONVERSION = YES;
				CLANG_WARN_OBJC_IMPLICIT_RETAIN_SELF = YES;
				CLANG_WARN_OBJC_LITERAL_CONVERSION = YES;
				CLANG_WARN_OBJC_ROOT_CLASS = YES_ERROR;
				CLANG_WARN_QUOTED_INCLUDE_IN_FRAMEWORK_HEADER = YES;
				CLANG_WARN_RANGE_LOOP_ANALYSIS = YES;
				CLANG_WARN_STRICT_PROTOTYPES = YES;
				CLANG_WARN_SUSPICIOUS_MOVE = YES;
				CLANG_WARN_UNGUARDED_AVAILABILITY = YES_AGGRESSIVE;
				CLANG_WARN_UNREACHABLE_CODE = YES;
				CLANG_WARN__DUPLICATE_METHOD_MATCH = YES;
				COPY_PHASE_STRIP = NO;
				DEBUG_INFORMATION_FORMAT = dwarf;
				ENABLE_STRICT_OBJC_MSGSEND = YES;
				ENABLE_TESTABILITY = YES;
				GCC_C_LANGUAGE_STANDARD = gnu11;
				GCC_DYNAMIC_NO_PIC = NO;
				GCC_NO_COMMON_BLOCKS = YES;
				GCC_OPTIMIZATION_LEVEL = 0;
				GCC_PREPROCESSOR_DEFINITIONS = (
					"DEBUG=1",
					"$(inherited)",
				);
				GCC_WARN_64_TO_32_BIT_CONVERSION = YES;
				GCC_WARN_ABOUT_RETURN_TYPE = YES_ERROR;
				GCC_WARN_UNDECLARED_SELECTOR = YES;
				GCC_WARN_UNINITIALIZED_AUTOS = YES_AGGRESSIVE;
				GCC_WARN_UNUSED_FUNCTION = YES;
				GCC_WARN_UNUSED_VARIABLE = YES;
				IPHONEOS_DEPLOYMENT_TARGET = 16.0;
				MTL_ENABLE_DEBUG_INFO = INCLUDE_SOURCE;
				MTL_FAST_MATH = YES;
				ONLY_ACTIVE_ARCH = YES;
				SDKROOT = iphoneos;
				SWIFT_ACTIVE_COMPILATION_CONDITIONS = DEBUG;
				SWIFT_OPTIMIZATION_LEVEL = "-Onone";
			};
			name = Debug;
		};
		C092563D28EDAA9A0024B352 /* Release */ = {
			isa = XCBuildConfiguration;
			buildSettings = {
				ALWAYS_SEARCH_USER_PATHS = NO;
				CLANG_ANALYZER_NONNULL = YES;
				CLANG_ANALYZER_NUMBER_OBJECT_CONVERSION = YES_AGGRESSIVE;
				CLANG_CXX_LANGUAGE_STANDARD = "gnu++20";
				CLANG_ENABLE_MODULES = YES;
				CLANG_ENABLE_OBJC_ARC = YES;
				CLANG_ENABLE_OBJC_WEAK = YES;
				CLANG_WARN_BLOCK_CAPTURE_AUTORELEASING = YES;
				CLANG_WARN_BOOL_CONVERSION = YES;
				CLANG_WARN_COMMA = YES;
				CLANG_WARN_CONSTANT_CONVERSION = YES;
				CLANG_WARN_DEPRECATED_OBJC_IMPLEMENTATIONS = YES;
				CLANG_WARN_DIRECT_OBJC_ISA_USAGE = YES_ERROR;
				CLANG_WARN_DOCUMENTATION_COMMENTS = YES;
				CLANG_WARN_EMPTY_BODY = YES;
				CLANG_WARN_ENUM_CONVERSION = YES;
				CLANG_WARN_INFINITE_RECURSION = YES;
				CLANG_WARN_INT_CONVERSION = YES;
				CLANG_WARN_NON_LITERAL_NULL_CONVERSION = YES;
				CLANG_WARN_OBJC_IMPLICIT_RETAIN_SELF = YES;
				CLANG_WARN_OBJC_LITERAL_CONVERSION = YES;
				CLANG_WARN_OBJC_ROOT_CLASS = YES_ERROR;
				CLANG_WARN_QUOTED_INCLUDE_IN_FRAMEWORK_HEADER = YES;
				CLANG_WARN_RANGE_LOOP_ANALYSIS = YES;
				CLANG_WARN_STRICT_PROTOTYPES = YES;
				CLANG_WARN_SUSPICIOUS_MOVE = YES;
				CLANG_WARN_UNGUARDED_AVAILABILITY = YES_AGGRESSIVE;
				CLANG_WARN_UNREACHABLE_CODE = YES;
				CLANG_WARN__DUPLICATE_METHOD_MATCH = YES;
				COPY_PHASE_STRIP = NO;
				DEBUG_INFORMATION_FORMAT = "dwarf-with-dsym";
				ENABLE_NS_ASSERTIONS = NO;
				ENABLE_STRICT_OBJC_MSGSEND = YES;
				GCC_C_LANGUAGE_STANDARD = gnu11;
				GCC_NO_COMMON_BLOCKS = YES;
				GCC_WARN_64_TO_32_BIT_CONVERSION = YES;
				GCC_WARN_ABOUT_RETURN_TYPE = YES_ERROR;
				GCC_WARN_UNDECLARED_SELECTOR = YES;
				GCC_WARN_UNINITIALIZED_AUTOS = YES_AGGRESSIVE;
				GCC_WARN_UNUSED_FUNCTION = YES;
				GCC_WARN_UNUSED_VARIABLE = YES;
				IPHONEOS_DEPLOYMENT_TARGET = 16.0;
				MTL_ENABLE_DEBUG_INFO = NO;
				MTL_FAST_MATH = YES;
				SDKROOT = iphoneos;
				SWIFT_COMPILATION_MODE = wholemodule;
				SWIFT_OPTIMIZATION_LEVEL = "-O";
				VALIDATE_PRODUCT = YES;
			};
			name = Release;
		};
		C092563F28EDAA9A0024B352 /* Debug */ = {
			isa = XCBuildConfiguration;
			buildSettings = {
				ASSETCATALOG_COMPILER_APPICON_NAME = AppIcon;
				ASSETCATALOG_COMPILER_GLOBAL_ACCENT_COLOR_NAME = AccentColor;
				CODE_SIGN_STYLE = Automatic;
				CURRENT_PROJECT_VERSION = 1;
				GENERATE_INFOPLIST_FILE = YES;
				INFOPLIST_FILE = "1 - Gorsel Nesnelerin Swift Sinifina Baglanmasi/Info.plist";
				INFOPLIST_KEY_UIApplicationSupportsIndirectInputEvents = YES;
				INFOPLIST_KEY_UILaunchStoryboardName = LaunchScreen;
				INFOPLIST_KEY_UIMainStoryboardFile = Main;
				INFOPLIST_KEY_UISupportedInterfaceOrientations_iPad = "UIInterfaceOrientationPortrait UIInterfaceOrientationPortraitUpsideDown UIInterfaceOrientationLandscapeLeft UIInterfaceOrientationLandscapeRight";
				INFOPLIST_KEY_UISupportedInterfaceOrientations_iPhone = "UIInterfaceOrientationPortrait UIInterfaceOrientationLandscapeLeft UIInterfaceOrientationLandscapeRight";
				LD_RUNPATH_SEARCH_PATHS = (
					"$(inherited)",
					"@executable_path/Frameworks",
				);
				MARKETING_VERSION = 1.0;
				PRODUCT_BUNDLE_IDENTIFIER = "info.----Go-rsel-Nesnelerin-Swift-S-n-f-na-Bag-lanmas-";
				PRODUCT_NAME = "$(TARGET_NAME)";
				SWIFT_EMIT_LOC_STRINGS = YES;
				SWIFT_VERSION = 5.0;
				TARGETED_DEVICE_FAMILY = "1,2";
			};
			name = Debug;
		};
		C092564028EDAA9A0024B352 /* Release */ = {
			isa = XCBuildConfiguration;
			buildSettings = {
				ASSETCATALOG_COMPILER_APPICON_NAME = AppIcon;
				ASSETCATALOG_COMPILER_GLOBAL_ACCENT_COLOR_NAME = AccentColor;
				CODE_SIGN_STYLE = Automatic;
				CURRENT_PROJECT_VERSION = 1;
				GENERATE_INFOPLIST_FILE = YES;
				INFOPLIST_FILE = "1 - Gorsel Nesnelerin Swift Sinifina Baglanmasi/Info.plist";
				INFOPLIST_KEY_UIApplicationSupportsIndirectInputEvents = YES;
				INFOPLIST_KEY_UILaunchStoryboardName = LaunchScreen;
				INFOPLIST_KEY_UIMainStoryboardFile = Main;
				INFOPLIST_KEY_UISupportedInterfaceOrientations_iPad = "UIInterfaceOrientationPortrait UIInterfaceOrientationPortraitUpsideDown UIInterfaceOrientationLandscapeLeft UIInterfaceOrientationLandscapeRight";
				INFOPLIST_KEY_UISupportedInterfaceOrientations_iPhone = "UIInterfaceOrientationPortrait UIInterfaceOrientationLandscapeLeft UIInterfaceOrientationLandscapeRight";
				LD_RUNPATH_SEARCH_PATHS = (
					"$(inherited)",
					"@executable_path/Frameworks",
				);
				MARKETING_VERSION = 1.0;
				PRODUCT_BUNDLE_IDENTIFIER = "info.----Go-rsel-Nesnelerin-Swift-S-n-f-na-Bag-lanmas-";
				PRODUCT_NAME = "$(TARGET_NAME)";
				SWIFT_EMIT_LOC_STRINGS = YES;
				SWIFT_VERSION = 5.0;
				TARGETED_DEVICE_FAMILY = "1,2";
			};
			name = Release;
		};
/* End XCBuildConfiguration section */

/* Begin XCConfigurationList section */
		C092562528EDAA970024B352 /* Build configuration list for PBXProject "1 - Gorsel Nesnelerin Swift Sinifina Baglanmasi" */ = {
			isa = XCConfigurationList;
			buildConfigurations = (
				C092563C28EDAA9A0024B352 /* Debug */,
				C092563D28EDAA9A0024B352 /* Release */,
			);
			defaultConfigurationIsVisible = 0;
			defaultConfigurationName = Release;
		};
		C092563E28EDAA9A0024B352 /* Build configuration list for PBXNativeTarget "1 - Gorsel Nesnelerin Swift Sinifina Baglanmasi" */ = {
			isa = XCConfigurationList;
			buildConfigurations = (
				C092563F28EDAA9A0024B352 /* Debug */,
				C092564028EDAA9A0024B352 /* Release */,
			);
			defaultConfigurationIsVisible = 0;
			defaultConfigurationName = Release;
		};
/* End XCConfigurationList section */
	};
	rootObject = C092562228EDAA970024B352 /* Project object */;
}
