// !$*UTF8*$!
{
	archiveVersion = 1;
	classes = {
	};
	objectVersion = 56;
	objects = {

/* Begin PBXBuildFile section */
		C0BB03CC290166B20086B851 /* AppDelegate.swift in Sources */ = {isa = PBXBuildFile; fileRef = C0BB03CB290166B20086B851 /* AppDelegate.swift */; };
		C0BB03CE290166B20086B851 /* SceneDelegate.swift in Sources */ = {isa = PBXBuildFile; fileRef = C0BB03CD290166B20086B851 /* SceneDelegate.swift */; };
		C0BB03D0290166B20086B851 /* ViewController.swift in Sources */ = {isa = PBXBuildFile; fileRef = C0BB03CF290166B20086B851 /* ViewController.swift */; };
		C0BB03D3290166B20086B851 /* Main.storyboard in Resources */ = {isa = PBXBuildFile; fileRef = C0BB03D1290166B20086B851 /* Main.storyboard */; };
		C0BB03D5290166B40086B851 /* Assets.xcassets in Resources */ = {isa = PBXBuildFile; fileRef = C0BB03D4290166B40086B851 /* Assets.xcassets */; };
		C0BB03D8290166B40086B851 /* LaunchScreen.storyboard in Resources */ = {isa = PBXBuildFile; fileRef = C0BB03D6290166B40086B851 /* LaunchScreen.storyboard */; };
		C0BB03E02901675E0086B851 /* Tahmin Ekranı VC.swift in Sources */ = {isa = PBXBuildFile; fileRef = C0BB03DF2901675E0086B851 /* Tahmin Ekranı VC.swift */; };
		C0BB03E2290167880086B851 /* Sonuç Ekranı VC.swift in Sources */ = {isa = PBXBuildFile; fileRef = C0BB03E1290167880086B851 /* Sonuç Ekranı VC.swift */; };
/* End PBXBuildFile section */

/* Begin PBXFileReference section */
		C0BB03C8290166B20086B851 /* 9 - Sayi Tahmin Et.app */ = {isa = PBXFileReference; explicitFileType = wrapper.application; includeInIndex = 0; path = "9 - Sayi Tahmin Et.app"; sourceTree = BUILT_PRODUCTS_DIR; };
		C0BB03CB290166B20086B851 /* AppDelegate.swift */ = {isa = PBXFileReference; lastKnownFileType = sourcecode.swift; path = AppDelegate.swift; sourceTree = "<group>"; };
		C0BB03CD290166B20086B851 /* SceneDelegate.swift */ = {isa = PBXFileReference; lastKnownFileType = sourcecode.swift; path = SceneDelegate.swift; sourceTree = "<group>"; };
		C0BB03CF290166B20086B851 /* ViewController.swift */ = {isa = PBXFileReference; lastKnownFileType = sourcecode.swift; path = ViewController.swift; sourceTree = "<group>"; };
		C0BB03D2290166B20086B851 /* Base */ = {isa = PBXFileReference; lastKnownFileType = file.storyboard; name = Base; path = Base.lproj/Main.storyboard; sourceTree = "<group>"; };
		C0BB03D4290166B40086B851 /* Assets.xcassets */ = {isa = PBXFileReference; lastKnownFileType = folder.assetcatalog; path = Assets.xcassets; sourceTree = "<group>"; };
		C0BB03D7290166B40086B851 /* Base */ = {isa = PBXFileReference; lastKnownFileType = file.storyboard; name = Base; path = Base.lproj/LaunchScreen.storyboard; sourceTree = "<group>"; };
		C0BB03D9290166B40086B851 /* Info.plist */ = {isa = PBXFileReference; lastKnownFileType = text.plist.xml; path = Info.plist; sourceTree = "<group>"; };
		C0BB03DF2901675E0086B851 /* Tahmin Ekranı VC.swift */ = {isa = PBXFileReference; lastKnownFileType = sourcecode.swift; path = "Tahmin Ekranı VC.swift"; sourceTree = "<group>"; };
		C0BB03E1290167880086B851 /* Sonuç Ekranı VC.swift */ = {isa = PBXFileReference; lastKnownFileType = sourcecode.swift; path = "Sonuç Ekranı VC.swift"; sourceTree = "<group>"; };
/* End PBXFileReference section */

/* Begin PBXFrameworksBuildPhase section */
		C0BB03C5290166B20086B851 /* Frameworks */ = {
			isa = PBXFrameworksBuildPhase;
			buildActionMask = 2147483647;
			files = (
			);
			runOnlyForDeploymentPostprocessing = 0;
		};
/* End PBXFrameworksBuildPhase section */

/* Begin PBXGroup section */
		C0BB03BF290166B20086B851 = {
			isa = PBXGroup;
			children = (
				C0BB03CA290166B20086B851 /* 9 - Sayi Tahmin Et */,
				C0BB03C9290166B20086B851 /* Products */,
			);
			sourceTree = "<group>";
		};
		C0BB03C9290166B20086B851 /* Products */ = {
			isa = PBXGroup;
			children = (
				C0BB03C8290166B20086B851 /* 9 - Sayi Tahmin Et.app */,
			);
			name = Products;
			sourceTree = "<group>";
		};
		C0BB03CA290166B20086B851 /* 9 - Sayi Tahmin Et */ = {
			isa = PBXGroup;
			children = (
				C0BB03CB290166B20086B851 /* AppDelegate.swift */,
				C0BB03CD290166B20086B851 /* SceneDelegate.swift */,
				C0BB03CF290166B20086B851 /* ViewController.swift */,
				C0BB03D1290166B20086B851 /* Main.storyboard */,
				C0BB03D4290166B40086B851 /* Assets.xcassets */,
				C0BB03D6290166B40086B851 /* LaunchScreen.storyboard */,
				C0BB03D9290166B40086B851 /* Info.plist */,
				C0BB03DF2901675E0086B851 /* Tahmin Ekranı VC.swift */,
				C0BB03E1290167880086B851 /* Sonuç Ekranı VC.swift */,
			);
			path = "9 - Sayi Tahmin Et";
			sourceTree = "<group>";
		};
/* End PBXGroup section */

/* Begin PBXNativeTarget section */
		C0BB03C7290166B20086B851 /* 9 - Sayi Tahmin Et */ = {
			isa = PBXNativeTarget;
			buildConfigurationList = C0BB03DC290166B40086B851 /* Build configuration list for PBXNativeTarget "9 - Sayi Tahmin Et" */;
			buildPhases = (
				C0BB03C4290166B20086B851 /* Sources */,
				C0BB03C5290166B20086B851 /* Frameworks */,
				C0BB03C6290166B20086B851 /* Resources */,
			);
			buildRules = (
			);
			dependencies = (
			);
			name = "9 - Sayi Tahmin Et";
			productName = "9 - Sayı Tahmin Et";
			productReference = C0BB03C8290166B20086B851 /* 9 - Sayi Tahmin Et.app */;
			productType = "com.apple.product-type.application";
		};
/* End PBXNativeTarget section */

/* Begin PBXProject section */
		C0BB03C0290166B20086B851 /* Project object */ = {
			isa = PBXProject;
			attributes = {
				BuildIndependentTargetsInParallel = 1;
				LastSwiftUpdateCheck = 1400;
				LastUpgradeCheck = 1400;
				TargetAttributes = {
					C0BB03C7290166B20086B851 = {
						CreatedOnToolsVersion = 14.0.1;
					};
				};
			};
			buildConfigurationList = C0BB03C3290166B20086B851 /* Build configuration list for PBXProject "9 - Sayi Tahmin Et" */;
			compatibilityVersion = "Xcode 14.0";
			developmentRegion = en;
			hasScannedForEncodings = 0;
			knownRegions = (
				en,
				Base,
			);
			mainGroup = C0BB03BF290166B20086B851;
			productRefGroup = C0BB03C9290166B20086B851 /* Products */;
			projectDirPath = "";
			projectRoot = "";
			targets = (
				C0BB03C7290166B20086B851 /* 9 - Sayi Tahmin Et */,
			);
		};
/* End PBXProject section */

/* Begin PBXResourcesBuildPhase section */
		C0BB03C6290166B20086B851 /* Resources */ = {
			isa = PBXResourcesBuildPhase;
			buildActionMask = 2147483647;
			files = (
				C0BB03D8290166B40086B851 /* LaunchScreen.storyboard in Resources */,
				C0BB03D5290166B40086B851 /* Assets.xcassets in Resources */,
				C0BB03D3290166B20086B851 /* Main.storyboard in Resources */,
			);
			runOnlyForDeploymentPostprocessing = 0;
		};
/* End PBXResourcesBuildPhase section */

/* Begin PBXSourcesBuildPhase section */
		C0BB03C4290166B20086B851 /* Sources */ = {
			isa = PBXSourcesBuildPhase;
			buildActionMask = 2147483647;
			files = (
				C0BB03E2290167880086B851 /* Sonuç Ekranı VC.swift in Sources */,
				C0BB03D0290166B20086B851 /* ViewController.swift in Sources */,
				C0BB03E02901675E0086B851 /* Tahmin Ekranı VC.swift in Sources */,
				C0BB03CC290166B20086B851 /* AppDelegate.swift in Sources */,
				C0BB03CE290166B20086B851 /* SceneDelegate.swift in Sources */,
			);
			runOnlyForDeploymentPostprocessing = 0;
		};
/* End PBXSourcesBuildPhase section */

/* Begin PBXVariantGroup section */
		C0BB03D1290166B20086B851 /* Main.storyboard */ = {
			isa = PBXVariantGroup;
			children = (
				C0BB03D2290166B20086B851 /* Base */,
			);
			name = Main.storyboard;
			sourceTree = "<group>";
		};
		C0BB03D6290166B40086B851 /* LaunchScreen.storyboard */ = {
			isa = PBXVariantGroup;
			children = (
				C0BB03D7290166B40086B851 /* Base */,
			);
			name = LaunchScreen.storyboard;
			sourceTree = "<group>";
		};
/* End PBXVariantGroup section */

/* Begin XCBuildConfiguration section */
		C0BB03DA290166B40086B851 /* Debug */ = {
			isa = XCBuildConfiguration;
			buildSettings = {
				ALWAYS_SEARCH_USER_PATHS = NO;
				CLANG_ANALYZER_NONNULL = YES;
				CLANG_ANALYZER_NUMBER_OBJECT_CONVERSION = YES_AGGRESSIVE;
				CLANG_CXX_LANGUAGE_STANDARD = "gnu++20";
				CLANG_ENABLE_MODULES = YES;
				CLANG_ENABLE_OBJC_ARC = YES;
				CLANG_ENABLE_OBJC_WEAK = YES;
				CLANG_WARN_BLOCK_CAPTURE_AUTORELEASING = YES;
				CLANG_WARN_BOOL_CONVERSION = YES;
				CLANG_WARN_COMMA = YES;
				CLANG_WARN_CONSTANT_CONVERSION = YES;
				CLANG_WARN_DEPRECATED_OBJC_IMPLEMENTATIONS = YES;
				CLANG_WARN_DIRECT_OBJC_ISA_USAGE = YES_ERROR;
				CLANG_WARN_DOCUMENTATION_COMMENTS = YES;
				CLANG_WARN_EMPTY_BODY = YES;
				CLANG_WARN_ENUM_CONVERSION = YES;
				CLANG_WARN_INFINITE_RECURSION = YES;
				CLANG_WARN_INT_CONVERSION = YES;
				CLANG_WARN_NON_LITERAL_NULL_CONVERSION = YES;
				CLANG_WARN_OBJC_IMPLICIT_RETAIN_SELF = YES;
				CLANG_WARN_OBJC_LITERAL_CONVERSION = YES;
				CLANG_WARN_OBJC_ROOT_CLASS = YES_ERROR;
				CLANG_WARN_QUOTED_INCLUDE_IN_FRAMEWORK_HEADER = YES;
				CLANG_WARN_RANGE_LOOP_ANALYSIS = YES;
				CLANG_WARN_STRICT_PROTOTYPES = YES;
				CLANG_WARN_SUSPICIOUS_MOVE = YES;
				CLANG_WARN_UNGUARDED_AVAILABILITY = YES_AGGRESSIVE;
				CLANG_WARN_UNREACHABLE_CODE = YES;
				CLANG_WARN__DUPLICATE_METHOD_MATCH = YES;
				COPY_PHASE_STRIP = NO;
				DEBUG_INFORMATION_FORMAT = dwarf;
				ENABLE_STRICT_OBJC_MSGSEND = YES;
				ENABLE_TESTABILITY = YES;
				GCC_C_LANGUAGE_STANDARD = gnu11;
				GCC_DYNAMIC_NO_PIC = NO;
				GCC_NO_COMMON_BLOCKS = YES;
				GCC_OPTIMIZATION_LEVEL = 0;
				GCC_PREPROCESSOR_DEFINITIONS = (
					"DEBUG=1",
					"$(inherited)",
				);
				GCC_WARN_64_TO_32_BIT_CONVERSION = YES;
				GCC_WARN_ABOUT_RETURN_TYPE = YES_ERROR;
				GCC_WARN_UNDECLARED_SELECTOR = YES;
				GCC_WARN_UNINITIALIZED_AUTOS = YES_AGGRESSIVE;
				GCC_WARN_UNUSED_FUNCTION = YES;
				GCC_WARN_UNUSED_VARIABLE = YES;
				IPHONEOS_DEPLOYMENT_TARGET = 16.0;
				MTL_ENABLE_DEBUG_INFO = INCLUDE_SOURCE;
				MTL_FAST_MATH = YES;
				ONLY_ACTIVE_ARCH = YES;
				SDKROOT = iphoneos;
				SWIFT_ACTIVE_COMPILATION_CONDITIONS = DEBUG;
				SWIFT_OPTIMIZATION_LEVEL = "-Onone";
			};
			name = Debug;
		};
		C0BB03DB290166B40086B851 /* Release */ = {
			isa = XCBuildConfiguration;
			buildSettings = {
				ALWAYS_SEARCH_USER_PATHS = NO;
				CLANG_ANALYZER_NONNULL = YES;
				CLANG_ANALYZER_NUMBER_OBJECT_CONVERSION = YES_AGGRESSIVE;
				CLANG_CXX_LANGUAGE_STANDARD = "gnu++20";
				CLANG_ENABLE_MODULES = YES;
				CLANG_ENABLE_OBJC_ARC = YES;
				CLANG_ENABLE_OBJC_WEAK = YES;
				CLANG_WARN_BLOCK_CAPTURE_AUTORELEASING = YES;
				CLANG_WARN_BOOL_CONVERSION = YES;
				CLANG_WARN_COMMA = YES;
				CLANG_WARN_CONSTANT_CONVERSION = YES;
				CLANG_WARN_DEPRECATED_OBJC_IMPLEMENTATIONS = YES;
				CLANG_WARN_DIRECT_OBJC_ISA_USAGE = YES_ERROR;
				CLANG_WARN_DOCUMENTATION_COMMENTS = YES;
				CLANG_WARN_EMPTY_BODY = YES;
				CLANG_WARN_ENUM_CONVERSION = YES;
				CLANG_WARN_INFINITE_RECURSION = YES;
				CLANG_WARN_INT_CONVERSION = YES;
				CLANG_WARN_NON_LITERAL_NULL_CONVERSION = YES;
				CLANG_WARN_OBJC_IMPLICIT_RETAIN_SELF = YES;
				CLANG_WARN_OBJC_LITERAL_CONVERSION = YES;
				CLANG_WARN_OBJC_ROOT_CLASS = YES_ERROR;
				CLANG_WARN_QUOTED_INCLUDE_IN_FRAMEWORK_HEADER = YES;
				CLANG_WARN_RANGE_LOOP_ANALYSIS = YES;
				CLANG_WARN_STRICT_PROTOTYPES = YES;
				CLANG_WARN_SUSPICIOUS_MOVE = YES;
				CLANG_WARN_UNGUARDED_AVAILABILITY = YES_AGGRESSIVE;
				CLANG_WARN_UNREACHABLE_CODE = YES;
				CLANG_WARN__DUPLICATE_METHOD_MATCH = YES;
				COPY_PHASE_STRIP = NO;
				DEBUG_INFORMATION_FORMAT = "dwarf-with-dsym";
				ENABLE_NS_ASSERTIONS = NO;
				ENABLE_STRICT_OBJC_MSGSEND = YES;
				GCC_C_LANGUAGE_STANDARD = gnu11;
				GCC_NO_COMMON_BLOCKS = YES;
				GCC_WARN_64_TO_32_BIT_CONVERSION = YES;
				GCC_WARN_ABOUT_RETURN_TYPE = YES_ERROR;
				GCC_WARN_UNDECLARED_SELECTOR = YES;
				GCC_WARN_UNINITIALIZED_AUTOS = YES_AGGRESSIVE;
				GCC_WARN_UNUSED_FUNCTION = YES;
				GCC_WARN_UNUSED_VARIABLE = YES;
				IPHONEOS_DEPLOYMENT_TARGET = 16.0;
				MTL_ENABLE_DEBUG_INFO = NO;
				MTL_FAST_MATH = YES;
				SDKROOT = iphoneos;
				SWIFT_COMPILATION_MODE = wholemodule;
				SWIFT_OPTIMIZATION_LEVEL = "-O";
				VALIDATE_PRODUCT = YES;
			};
			name = Release;
		};
		C0BB03DD290166B40086B851 /* Debug */ = {
			isa = XCBuildConfiguration;
			buildSettings = {
				ASSETCATALOG_COMPILER_APPICON_NAME = AppIcon;
				ASSETCATALOG_COMPILER_GLOBAL_ACCENT_COLOR_NAME = AccentColor;
				CODE_SIGN_STYLE = Automatic;
				CURRENT_PROJECT_VERSION = 1;
				GENERATE_INFOPLIST_FILE = YES;
				INFOPLIST_FILE = "9 - Sayi Tahmin Et/Info.plist";
				INFOPLIST_KEY_UIApplicationSupportsIndirectInputEvents = YES;
				INFOPLIST_KEY_UILaunchStoryboardName = LaunchScreen;
				INFOPLIST_KEY_UIMainStoryboardFile = Main;
				INFOPLIST_KEY_UISupportedInterfaceOrientations_iPad = "UIInterfaceOrientationPortrait UIInterfaceOrientationPortraitUpsideDown UIInterfaceOrientationLandscapeLeft UIInterfaceOrientationLandscapeRight";
				INFOPLIST_KEY_UISupportedInterfaceOrientations_iPhone = "UIInterfaceOrientationPortrait UIInterfaceOrientationLandscapeLeft UIInterfaceOrientationLandscapeRight";
				LD_RUNPATH_SEARCH_PATHS = (
					"$(inherited)",
					"@executable_path/Frameworks",
				);
				MARKETING_VERSION = 1.0;
				PRODUCT_BUNDLE_IDENTIFIER = "info.----Say--Tahmin-Et";
				PRODUCT_NAME = "$(TARGET_NAME)";
				SWIFT_EMIT_LOC_STRINGS = YES;
				SWIFT_VERSION = 5.0;
				TARGETED_DEVICE_FAMILY = "1,2";
			};
			name = Debug;
		};
		C0BB03DE290166B40086B851 /* Release */ = {
			isa = XCBuildConfiguration;
			buildSettings = {
				ASSETCATALOG_COMPILER_APPICON_NAME = AppIcon;
				ASSETCATALOG_COMPILER_GLOBAL_ACCENT_COLOR_NAME = AccentColor;
				CODE_SIGN_STYLE = Automatic;
				CURRENT_PROJECT_VERSION = 1;
				GENERATE_INFOPLIST_FILE = YES;
				INFOPLIST_FILE = "9 - Sayi Tahmin Et/Info.plist";
				INFOPLIST_KEY_UIApplicationSupportsIndirectInputEvents = YES;
				INFOPLIST_KEY_UILaunchStoryboardName = LaunchScreen;
				INFOPLIST_KEY_UIMainStoryboardFile = Main;
				INFOPLIST_KEY_UISupportedInterfaceOrientations_iPad = "UIInterfaceOrientationPortrait UIInterfaceOrientationPortraitUpsideDown UIInterfaceOrientationLandscapeLeft UIInterfaceOrientationLandscapeRight";
				INFOPLIST_KEY_UISupportedInterfaceOrientations_iPhone = "UIInterfaceOrientationPortrait UIInterfaceOrientationLandscapeLeft UIInterfaceOrientationLandscapeRight";
				LD_RUNPATH_SEARCH_PATHS = (
					"$(inherited)",
					"@executable_path/Frameworks",
				);
				MARKETING_VERSION = 1.0;
				PRODUCT_BUNDLE_IDENTIFIER = "info.----Say--Tahmin-Et";
				PRODUCT_NAME = "$(TARGET_NAME)";
				SWIFT_EMIT_LOC_STRINGS = YES;
				SWIFT_VERSION = 5.0;
				TARGETED_DEVICE_FAMILY = "1,2";
			};
			name = Release;
		};
/* End XCBuildConfiguration section */

/* Begin XCConfigurationList section */
		C0BB03C3290166B20086B851 /* Build configuration list for PBXProject "9 - Sayi Tahmin Et" */ = {
			isa = XCConfigurationList;
			buildConfigurations = (
				C0BB03DA290166B40086B851 /* Debug */,
				C0BB03DB290166B40086B851 /* Release */,
			);
			defaultConfigurationIsVisible = 0;
			defaultConfigurationName = Release;
		};
		C0BB03DC290166B40086B851 /* Build configuration list for PBXNativeTarget "9 - Sayi Tahmin Et" */ = {
			isa = XCConfigurationList;
			buildConfigurations = (
				C0BB03DD290166B40086B851 /* Debug */,
				C0BB03DE290166B40086B851 /* Release */,
			);
			defaultConfigurationIsVisible = 0;
			defaultConfigurationName = Release;
		};
/* End XCConfigurationList section */
	};
	rootObject = C0BB03C0290166B20086B851 /* Project object */;
}
